// !$*UTF8*$!
{
	archiveVersion = 1;
	classes = {
	};
	objectVersion = 63;
	objects = {

/* Begin PBXBuildFile section */
		016D6BEF6E6326D6FD29C11B /* NutritionManager.swift in Sources */ = {isa = PBXBuildFile; fileRef = 1452D242C4C84D8FFA382BDA /* NutritionManager.swift */; };
		02E46EF27F70DA6C5C1652ED /* LaunchScreen.storyboard in Resources */ = {isa = PBXBuildFile; fileRef = C0CF63683D04407F220F3B37 /* LaunchScreen.storyboard */; };
		0339FFBE6383D1FB08C6E63A /* AppointmentsView.swift in Sources */ = {isa = PBXBuildFile; fileRef = E667F6012C405BAA66510C96 /* AppointmentsView.swift */; };
		06DA2DC3CF530DEF8E82EC64 /* DoctorDashboardView.swift in Sources */ = {isa = PBXBuildFile; fileRef = 722C9035E04C4214A0143E18 /* DoctorDashboardView.swift */; };
		09F54EB7184489AA7718B8CA /* Assets.xcassets in Resources */ = {isa = PBXBuildFile; fileRef = 38316B4F858E74589D67AFF0 /* Assets.xcassets */; };
		0E84AF56778B6608F7844D6D /* DoctorAppointmentsView.swift in Sources */ = {isa = PBXBuildFile; fileRef = 9D71EC69666B8896F260D7BA /* DoctorAppointmentsView.swift */; };
		153D009E8083DF9C5349EB82 /* HealthKitDataFetcher.swift in Sources */ = {isa = PBXBuildFile; fileRef = 2BD4B7814E48E09AC74F736C /* HealthKitDataFetcher.swift */; };
		17E88E6ECC7E20C6669AE556 /* FeedbackReporter.swift in Sources */ = {isa = PBXBuildFile; fileRef = 9FA852C2EA233DCF05EC0B75 /* FeedbackReporter.swift */; };
		18CBCD9D8F6713C03BCEF432 /* Color+Brand.swift in Sources */ = {isa = PBXBuildFile; fileRef = 1EFA3EE2D40AADC33FC05412 /* Color+Brand.swift */; };
		1CA005B2DCA96A16B1BB7BBE /* Appointment.swift in Sources */ = {isa = PBXBuildFile; fileRef = B46E2670D6F450A368D40C8C /* Appointment.swift */; };
		2780FD8BE3F0B4AD1A7D8D29 /* VideoCallView.swift in Sources */ = {isa = PBXBuildFile; fileRef = D28620C17F199E5E3256B0EF /* VideoCallView.swift */; };
		2EACA65EAA4164784A2A3BC0 /* BrandTheme.swift in Sources */ = {isa = PBXBuildFile; fileRef = A39AC6A28BE8878807C5CBE7 /* BrandTheme.swift */; };
		31A7D35546EF661D7EAA7138 /* VitalsNetworkMonitor.swift in Sources */ = {isa = PBXBuildFile; fileRef = 5C9BC207A14343E80D54C8C1 /* VitalsNetworkMonitor.swift */; };
		3442CCCBEBC95AFB8D473461 /* AppointmentDetailView.swift in Sources */ = {isa = PBXBuildFile; fileRef = 906F8FEAA00967C6E345F7D2 /* AppointmentDetailView.swift */; };
		39922A9047374CFCCC0541C3 /* VitalsDataProcessor.swift in Sources */ = {isa = PBXBuildFile; fileRef = 29C52EB11516E37E47B4088B /* VitalsDataProcessor.swift */; };
		432DFCDECD4591A32B2D1F65 /* ChatViewModel.swift in Sources */ = {isa = PBXBuildFile; fileRef = C78E7FD90556D3B0E4BA6EB6 /* ChatViewModel.swift */; };
		49A78A673A3689BC81198C04 /* VitalsAPIService.swift in Sources */ = {isa = PBXBuildFile; fileRef = 89C5972459517F375454AC05 /* VitalsAPIService.swift */; };
		533C56A2604EFAED5649758E /* CreateAppointmentView.swift in Sources */ = {isa = PBXBuildFile; fileRef = D212F383AFEC4552AC8E5AA9 /* CreateAppointmentView.swift */; };
		56B2FC193B48E1387E900038 /* VitalsSyncTypes.swift in Sources */ = {isa = PBXBuildFile; fileRef = 1271B3158CA94571FB3D1CA6 /* VitalsSyncTypes.swift */; };
		603DB6C88AD02ABC1CB610E7 /* NetworkService.swift in Sources */ = {isa = PBXBuildFile; fileRef = E1E6E6E07EB09A7C60B4CDC5 /* NetworkService.swift */; };
		608AFB6BE0A2E70CEAEC1B90 /* LiveKit in Frameworks */ = {isa = PBXBuildFile; productRef = 82A99EBF1D7C31ADF461B20B /* LiveKit */; };
		61C54EA4E78A3DE44B1C874A /* VitalsSyncPersistence.swift in Sources */ = {isa = PBXBuildFile; fileRef = 2368AE80495833A4CDBE432C /* VitalsSyncPersistence.swift */; };
		65C512FB015B9204D5200E36 /* NutritionData.swift in Sources */ = {isa = PBXBuildFile; fileRef = 6B53227533CBF108D702D950 /* NutritionData.swift */; };
		6736DE89A11E5C7817B42F79 /* AttachmentOptionsView.swift in Sources */ = {isa = PBXBuildFile; fileRef = 8BE17B7EB46148F50B5820AB /* AttachmentOptionsView.swift */; };
		70F5A6F7EF44A975338634D7 /* KeychainService.swift in Sources */ = {isa = PBXBuildFile; fileRef = ACC3EE239957C66AF8BE04DF /* KeychainService.swift */; };
		717D665AE1B79C00D093F687 /* VitalsSyncProgress.swift in Sources */ = {isa = PBXBuildFile; fileRef = 50B54A293BF44A3CD8524A3B /* VitalsSyncProgress.swift */; };
		7569098C966553BF34D2495F /* ChatHistoryManager.swift in Sources */ = {isa = PBXBuildFile; fileRef = 39F6D8668C29052793EE6446 /* ChatHistoryManager.swift */; };
		87B9512D21855EEBF80183B9 /* StatusBadge.swift in Sources */ = {isa = PBXBuildFile; fileRef = 7BDCA09872D0DF10FB1D44AB /* StatusBadge.swift */; };
		8AA03AD352730679955FD1EE /* BackendVitalsManager.swift in Sources */ = {isa = PBXBuildFile; fileRef = D27D2EE6AE8D3222D3373CB9 /* BackendVitalsManager.swift */; };
		8E4FEC8C1F23BEF2D9E85135 /* AppointmentViewModel.swift in Sources */ = {isa = PBXBuildFile; fileRef = 80510DBB76E72E98CC398B0A /* AppointmentViewModel.swift */; };
		8EFE8B969C829AB00B47FDEB /* ReportIssueSheet.swift in Sources */ = {isa = PBXBuildFile; fileRef = 2E8F43D61E39A9402AE8A087 /* ReportIssueSheet.swift */; };
		91D4D2DEF1AE809C9E2CC6DC /* ConsultationOptionsView.swift in Sources */ = {isa = PBXBuildFile; fileRef = 925D5C1A98F3FCEEBAC1F7FB /* ConsultationOptionsView.swift */; };
		9763F5915153EEE81B311BBF /* Alamofire in Frameworks */ = {isa = PBXBuildFile; productRef = 8916AE6B95E60907A851FDCC /* Alamofire */; };
		9A5A6F773A4A21303209554A /* LabCategory.swift in Sources */ = {isa = PBXBuildFile; fileRef = A49FE3D45DFC4AEB0BFECD3A /* LabCategory.swift */; };
		A138BE4012A60BB97595ECC3 /* SharedTypes.swift in Sources */ = {isa = PBXBuildFile; fileRef = 93A3F407D73E071EDC43A9BA /* SharedTypes.swift */; };
		A25B39486DC55C896471A130 /* View+NavigationHiding.swift in Sources */ = {isa = PBXBuildFile; fileRef = E81359C3CF97CFEDACB70665 /* View+NavigationHiding.swift */; };
		A3B520AEBEB81091B0604525 /* LabReportsAPIService.swift in Sources */ = {isa = PBXBuildFile; fileRef = 18A77348039665D529B31895 /* LabReportsAPIService.swift */; };
		A6F6DCCF46988060149418C5 /* LabReport.swift in Sources */ = {isa = PBXBuildFile; fileRef = B7381A880507C6D6FABD92E3 /* LabReport.swift */; };
		ADF627F1D0B90091474755C4 /* HealthKitManager.swift in Sources */ = {isa = PBXBuildFile; fileRef = CD9EF7780F3CE4F3A738DBB2 /* HealthKitManager.swift */; };
		AFFCA69AD736802D4D4CA8B6 /* VitalsSyncManager.swift in Sources */ = {isa = PBXBuildFile; fileRef = 1C9E47D93CEEE5FF292E66D8 /* VitalsSyncManager.swift */; };
		B06DBB299954C9161DCAF2DF /* ChatMessage.swift in Sources */ = {isa = PBXBuildFile; fileRef = 20803CDA20A3B4D18EAF6234 /* ChatMessage.swift */; };
		B16DA23349E48CD6BA752F78 /* PatientViewModel.swift in Sources */ = {isa = PBXBuildFile; fileRef = E66897DBDF61ECFBA2233B1D /* PatientViewModel.swift */; };
		B1CCCFBD8A0033E26657AD2D /* AuthViews.swift in Sources */ = {isa = PBXBuildFile; fileRef = CFBDE7394E29FB3D2A516A4D /* AuthViews.swift */; };
		BA43878438145CE970C64694 /* AppConfig.swift in Sources */ = {isa = PBXBuildFile; fileRef = 89667685EF701CFE7FE50638 /* AppConfig.swift */; };
		C0E9C234995F5C060DB8D454 /* ZivoDocApp.swift in Sources */ = {isa = PBXBuildFile; fileRef = B4CC7F62B1ADEDD1C652F21C /* ZivoDocApp.swift */; };
		D470D37E5A789C5E7BEC80C5 /* HealthMetric.swift in Sources */ = {isa = PBXBuildFile; fileRef = F724D08A7079A6C987E25D3B /* HealthMetric.swift */; };
		DAAEF9CB1AB494E91DE6A46E /* Patient.swift in Sources */ = {isa = PBXBuildFile; fileRef = 9EF2E6F92F228A051BDC6F1A /* Patient.swift */; };
		DAB19101FE092429E62EFC51 /* DatabaseManager.swift in Sources */ = {isa = PBXBuildFile; fileRef = B2265E60A69F432F6F50C5EF /* DatabaseManager.swift */; };
		DCC50EB2E0CF1FFC004FDDDB /* SettingsView.swift in Sources */ = {isa = PBXBuildFile; fileRef = A0822F92352B386AAE3D4608 /* SettingsView.swift */; };
		F1940A2CC747483EEEC61446 /* NutritionAPIService.swift in Sources */ = {isa = PBXBuildFile; fileRef = 2953CEB48C82F839FA84763A /* NutritionAPIService.swift */; };
		F87499578F87A50A6E46C732 /* ContentView.swift in Sources */ = {isa = PBXBuildFile; fileRef = 0D2862A6A824D71499A9F2F9 /* ContentView.swift */; };
		FD832ABA7748EBAB8C145450 /* ConsultationDetailView.swift in Sources */ = {isa = PBXBuildFile; fileRef = 3269C8693189E8C901825B0B /* ConsultationDetailView.swift */; };
/* End PBXBuildFile section */

/* Begin PBXFileReference section */
		0D2862A6A824D71499A9F2F9 /* ContentView.swift */ = {isa = PBXFileReference; lastKnownFileType = sourcecode.swift; path = ContentView.swift; sourceTree = "<group>"; };
		1271B3158CA94571FB3D1CA6 /* VitalsSyncTypes.swift */ = {isa = PBXFileReference; lastKnownFileType = sourcecode.swift; path = VitalsSyncTypes.swift; sourceTree = "<group>"; };
		1452D242C4C84D8FFA382BDA /* NutritionManager.swift */ = {isa = PBXFileReference; lastKnownFileType = sourcecode.swift; path = NutritionManager.swift; sourceTree = "<group>"; };
		18A77348039665D529B31895 /* LabReportsAPIService.swift */ = {isa = PBXFileReference; lastKnownFileType = sourcecode.swift; path = LabReportsAPIService.swift; sourceTree = "<group>"; };
		1C9E47D93CEEE5FF292E66D8 /* VitalsSyncManager.swift */ = {isa = PBXFileReference; lastKnownFileType = sourcecode.swift; path = VitalsSyncManager.swift; sourceTree = "<group>"; };
		1EFA3EE2D40AADC33FC05412 /* Color+Brand.swift */ = {isa = PBXFileReference; lastKnownFileType = sourcecode.swift; path = "Color+Brand.swift"; sourceTree = "<group>"; };
		20803CDA20A3B4D18EAF6234 /* ChatMessage.swift */ = {isa = PBXFileReference; lastKnownFileType = sourcecode.swift; path = ChatMessage.swift; sourceTree = "<group>"; };
		2368AE80495833A4CDBE432C /* VitalsSyncPersistence.swift */ = {isa = PBXFileReference; lastKnownFileType = sourcecode.swift; path = VitalsSyncPersistence.swift; sourceTree = "<group>"; };
		2953CEB48C82F839FA84763A /* NutritionAPIService.swift */ = {isa = PBXFileReference; lastKnownFileType = sourcecode.swift; path = NutritionAPIService.swift; sourceTree = "<group>"; };
		29C52EB11516E37E47B4088B /* VitalsDataProcessor.swift */ = {isa = PBXFileReference; lastKnownFileType = sourcecode.swift; path = VitalsDataProcessor.swift; sourceTree = "<group>"; };
		2BD4B7814E48E09AC74F736C /* HealthKitDataFetcher.swift */ = {isa = PBXFileReference; lastKnownFileType = sourcecode.swift; path = HealthKitDataFetcher.swift; sourceTree = "<group>"; };
		2E8F43D61E39A9402AE8A087 /* ReportIssueSheet.swift */ = {isa = PBXFileReference; lastKnownFileType = sourcecode.swift; path = ReportIssueSheet.swift; sourceTree = "<group>"; };
		3269C8693189E8C901825B0B /* ConsultationDetailView.swift */ = {isa = PBXFileReference; lastKnownFileType = sourcecode.swift; path = ConsultationDetailView.swift; sourceTree = "<group>"; };
		38316B4F858E74589D67AFF0 /* Assets.xcassets */ = {isa = PBXFileReference; lastKnownFileType = folder.assetcatalog; path = Assets.xcassets; sourceTree = "<group>"; };
		39F6D8668C29052793EE6446 /* ChatHistoryManager.swift */ = {isa = PBXFileReference; lastKnownFileType = sourcecode.swift; path = ChatHistoryManager.swift; sourceTree = "<group>"; };
		50B54A293BF44A3CD8524A3B /* VitalsSyncProgress.swift */ = {isa = PBXFileReference; lastKnownFileType = sourcecode.swift; path = VitalsSyncProgress.swift; sourceTree = "<group>"; };
		5C9BC207A14343E80D54C8C1 /* VitalsNetworkMonitor.swift */ = {isa = PBXFileReference; lastKnownFileType = sourcecode.swift; path = VitalsNetworkMonitor.swift; sourceTree = "<group>"; };
		6B53227533CBF108D702D950 /* NutritionData.swift */ = {isa = PBXFileReference; lastKnownFileType = sourcecode.swift; path = NutritionData.swift; sourceTree = "<group>"; };
		722C9035E04C4214A0143E18 /* DoctorDashboardView.swift */ = {isa = PBXFileReference; lastKnownFileType = sourcecode.swift; path = DoctorDashboardView.swift; sourceTree = "<group>"; };
		7BDCA09872D0DF10FB1D44AB /* StatusBadge.swift */ = {isa = PBXFileReference; lastKnownFileType = sourcecode.swift; path = StatusBadge.swift; sourceTree = "<group>"; };
		80510DBB76E72E98CC398B0A /* AppointmentViewModel.swift */ = {isa = PBXFileReference; lastKnownFileType = sourcecode.swift; path = AppointmentViewModel.swift; sourceTree = "<group>"; };
		89667685EF701CFE7FE50638 /* AppConfig.swift */ = {isa = PBXFileReference; lastKnownFileType = sourcecode.swift; path = AppConfig.swift; sourceTree = "<group>"; };
		89C5972459517F375454AC05 /* VitalsAPIService.swift */ = {isa = PBXFileReference; lastKnownFileType = sourcecode.swift; path = VitalsAPIService.swift; sourceTree = "<group>"; };
		8BE17B7EB46148F50B5820AB /* AttachmentOptionsView.swift */ = {isa = PBXFileReference; lastKnownFileType = sourcecode.swift; path = AttachmentOptionsView.swift; sourceTree = "<group>"; };
		906F8FEAA00967C6E345F7D2 /* AppointmentDetailView.swift */ = {isa = PBXFileReference; lastKnownFileType = sourcecode.swift; path = AppointmentDetailView.swift; sourceTree = "<group>"; };
		925D5C1A98F3FCEEBAC1F7FB /* ConsultationOptionsView.swift */ = {isa = PBXFileReference; lastKnownFileType = sourcecode.swift; path = ConsultationOptionsView.swift; sourceTree = "<group>"; };
		93A3F407D73E071EDC43A9BA /* SharedTypes.swift */ = {isa = PBXFileReference; lastKnownFileType = sourcecode.swift; path = SharedTypes.swift; sourceTree = "<group>"; };
		9D71EC69666B8896F260D7BA /* DoctorAppointmentsView.swift */ = {isa = PBXFileReference; lastKnownFileType = sourcecode.swift; path = DoctorAppointmentsView.swift; sourceTree = "<group>"; };
		9EF2E6F92F228A051BDC6F1A /* Patient.swift */ = {isa = PBXFileReference; lastKnownFileType = sourcecode.swift; path = Patient.swift; sourceTree = "<group>"; };
		9FA852C2EA233DCF05EC0B75 /* FeedbackReporter.swift */ = {isa = PBXFileReference; lastKnownFileType = sourcecode.swift; path = FeedbackReporter.swift; sourceTree = "<group>"; };
		A0822F92352B386AAE3D4608 /* SettingsView.swift */ = {isa = PBXFileReference; lastKnownFileType = sourcecode.swift; path = SettingsView.swift; sourceTree = "<group>"; };
		A39AC6A28BE8878807C5CBE7 /* BrandTheme.swift */ = {isa = PBXFileReference; lastKnownFileType = sourcecode.swift; path = BrandTheme.swift; sourceTree = "<group>"; };
		A49FE3D45DFC4AEB0BFECD3A /* LabCategory.swift */ = {isa = PBXFileReference; lastKnownFileType = sourcecode.swift; path = LabCategory.swift; sourceTree = "<group>"; };
		A56F4A43F8DBF4268F477BDC /* ZivoDoc.app */ = {isa = PBXFileReference; explicitFileType = wrapper.application; includeInIndex = 0; path = ZivoDoc.app; sourceTree = BUILT_PRODUCTS_DIR; };
		ACC3EE239957C66AF8BE04DF /* KeychainService.swift */ = {isa = PBXFileReference; lastKnownFileType = sourcecode.swift; path = KeychainService.swift; sourceTree = "<group>"; };
		B2265E60A69F432F6F50C5EF /* DatabaseManager.swift */ = {isa = PBXFileReference; lastKnownFileType = sourcecode.swift; path = DatabaseManager.swift; sourceTree = "<group>"; };
		B46E2670D6F450A368D40C8C /* Appointment.swift */ = {isa = PBXFileReference; lastKnownFileType = sourcecode.swift; path = Appointment.swift; sourceTree = "<group>"; };
		B4CC7F62B1ADEDD1C652F21C /* ZivoDocApp.swift */ = {isa = PBXFileReference; lastKnownFileType = sourcecode.swift; path = ZivoDocApp.swift; sourceTree = "<group>"; };
		B7381A880507C6D6FABD92E3 /* LabReport.swift */ = {isa = PBXFileReference; lastKnownFileType = sourcecode.swift; path = LabReport.swift; sourceTree = "<group>"; };
		C0CF63683D04407F220F3B37 /* LaunchScreen.storyboard */ = {isa = PBXFileReference; lastKnownFileType = file.storyboard; path = LaunchScreen.storyboard; sourceTree = "<group>"; };
		C78E7FD90556D3B0E4BA6EB6 /* ChatViewModel.swift */ = {isa = PBXFileReference; lastKnownFileType = sourcecode.swift; path = ChatViewModel.swift; sourceTree = "<group>"; };
		CD9EF7780F3CE4F3A738DBB2 /* HealthKitManager.swift */ = {isa = PBXFileReference; lastKnownFileType = sourcecode.swift; path = HealthKitManager.swift; sourceTree = "<group>"; };
		CFBDE7394E29FB3D2A516A4D /* AuthViews.swift */ = {isa = PBXFileReference; lastKnownFileType = sourcecode.swift; path = AuthViews.swift; sourceTree = "<group>"; };
		D212F383AFEC4552AC8E5AA9 /* CreateAppointmentView.swift */ = {isa = PBXFileReference; lastKnownFileType = sourcecode.swift; path = CreateAppointmentView.swift; sourceTree = "<group>"; };
		D27D2EE6AE8D3222D3373CB9 /* BackendVitalsManager.swift */ = {isa = PBXFileReference; lastKnownFileType = sourcecode.swift; path = BackendVitalsManager.swift; sourceTree = "<group>"; };
		D28620C17F199E5E3256B0EF /* VideoCallView.swift */ = {isa = PBXFileReference; lastKnownFileType = sourcecode.swift; path = VideoCallView.swift; sourceTree = "<group>"; };
		E1E6E6E07EB09A7C60B4CDC5 /* NetworkService.swift */ = {isa = PBXFileReference; lastKnownFileType = sourcecode.swift; path = NetworkService.swift; sourceTree = "<group>"; };
		E667F6012C405BAA66510C96 /* AppointmentsView.swift */ = {isa = PBXFileReference; lastKnownFileType = sourcecode.swift; path = AppointmentsView.swift; sourceTree = "<group>"; };
		E66897DBDF61ECFBA2233B1D /* PatientViewModel.swift */ = {isa = PBXFileReference; lastKnownFileType = sourcecode.swift; path = PatientViewModel.swift; sourceTree = "<group>"; };
		E81359C3CF97CFEDACB70665 /* View+NavigationHiding.swift */ = {isa = PBXFileReference; lastKnownFileType = sourcecode.swift; path = "View+NavigationHiding.swift"; sourceTree = "<group>"; };
		F724D08A7079A6C987E25D3B /* HealthMetric.swift */ = {isa = PBXFileReference; lastKnownFileType = sourcecode.swift; path = HealthMetric.swift; sourceTree = "<group>"; };
/* End PBXFileReference section */

/* Begin PBXFrameworksBuildPhase section */
		3459BAB539D814AEA82A3912 /* Frameworks */ = {
			isa = PBXFrameworksBuildPhase;
			buildActionMask = 2147483647;
			files = (
				9763F5915153EEE81B311BBF /* Alamofire in Frameworks */,
				608AFB6BE0A2E70CEAEC1B90 /* LiveKit in Frameworks */,
			);
			runOnlyForDeploymentPostprocessing = 0;
		};
/* End PBXFrameworksBuildPhase section */

/* Begin PBXGroup section */
		06B8D2760A78AB6614C193D6 /* Sources */ = {
			isa = PBXGroup;
			children = (
				B41DA76A5D4FAA14C856DB55 /* App */,
				AC59E0045664C9388739D61B /* Extensions */,
				2AB09F5E02D43171C527CBC5 /* Managers */,
				76C286DBD99408983C4626FF /* Models */,
				5CA0FFF060809D82421B2C7D /* Resources */,
				F0C3CA4B82DF53140806B9E7 /* Services */,
				D220F73D002789C5767EAF84 /* ViewModels */,
				BF001AA840BF5B84FEF00E62 /* Views */,
			);
			path = Sources;
			sourceTree = "<group>";
		};
		0B05591FFE7E273970517E52 /* Database */ = {
			isa = PBXGroup;
			children = (
				B2265E60A69F432F6F50C5EF /* DatabaseManager.swift */,
			);
			path = Database;
			sourceTree = "<group>";
		};
		2AB09F5E02D43171C527CBC5 /* Managers */ = {
			isa = PBXGroup;
			children = (
				D27D2EE6AE8D3222D3373CB9 /* BackendVitalsManager.swift */,
				2BD4B7814E48E09AC74F736C /* HealthKitDataFetcher.swift */,
				CD9EF7780F3CE4F3A738DBB2 /* HealthKitManager.swift */,
				1452D242C4C84D8FFA382BDA /* NutritionManager.swift */,
				29C52EB11516E37E47B4088B /* VitalsDataProcessor.swift */,
				5C9BC207A14343E80D54C8C1 /* VitalsNetworkMonitor.swift */,
				1C9E47D93CEEE5FF292E66D8 /* VitalsSyncManager.swift */,
				2368AE80495833A4CDBE432C /* VitalsSyncPersistence.swift */,
				50B54A293BF44A3CD8524A3B /* VitalsSyncProgress.swift */,
				1271B3158CA94571FB3D1CA6 /* VitalsSyncTypes.swift */,
			);
			path = Managers;
			sourceTree = "<group>";
		};
		3498079510971EED3B387632 = {
			isa = PBXGroup;
			children = (
				06B8D2760A78AB6614C193D6 /* Sources */,
				5FE79BD4C8BB070BCFCACD02 /* Products */,
			);
			sourceTree = "<group>";
		};
		5CA0FFF060809D82421B2C7D /* Resources */ = {
			isa = PBXGroup;
			children = (
				38316B4F858E74589D67AFF0 /* Assets.xcassets */,
				C0CF63683D04407F220F3B37 /* LaunchScreen.storyboard */,
			);
			path = Resources;
			sourceTree = "<group>";
		};
		5FE79BD4C8BB070BCFCACD02 /* Products */ = {
			isa = PBXGroup;
			children = (
				A56F4A43F8DBF4268F477BDC /* ZivoDoc.app */,
			);
			name = Products;
			sourceTree = "<group>";
		};
		76C286DBD99408983C4626FF /* Models */ = {
			isa = PBXGroup;
			children = (
				B46E2670D6F450A368D40C8C /* Appointment.swift */,
				20803CDA20A3B4D18EAF6234 /* ChatMessage.swift */,
				F724D08A7079A6C987E25D3B /* HealthMetric.swift */,
				A49FE3D45DFC4AEB0BFECD3A /* LabCategory.swift */,
				B7381A880507C6D6FABD92E3 /* LabReport.swift */,
				6B53227533CBF108D702D950 /* NutritionData.swift */,
				9EF2E6F92F228A051BDC6F1A /* Patient.swift */,
				93A3F407D73E071EDC43A9BA /* SharedTypes.swift */,
			);
			path = Models;
			sourceTree = "<group>";
		};
		AC59E0045664C9388739D61B /* Extensions */ = {
			isa = PBXGroup;
			children = (
				A39AC6A28BE8878807C5CBE7 /* BrandTheme.swift */,
				1EFA3EE2D40AADC33FC05412 /* Color+Brand.swift */,
				E81359C3CF97CFEDACB70665 /* View+NavigationHiding.swift */,
			);
			path = Extensions;
			sourceTree = "<group>";
		};
		B41DA76A5D4FAA14C856DB55 /* App */ = {
			isa = PBXGroup;
			children = (
				89667685EF701CFE7FE50638 /* AppConfig.swift */,
				B4CC7F62B1ADEDD1C652F21C /* ZivoDocApp.swift */,
			);
			path = App;
			sourceTree = "<group>";
		};
		B75A7A1E175B1D1D59C6250B /* Components */ = {
			isa = PBXGroup;
			children = (
				2E8F43D61E39A9402AE8A087 /* ReportIssueSheet.swift */,
				7BDCA09872D0DF10FB1D44AB /* StatusBadge.swift */,
			);
			path = Components;
			sourceTree = "<group>";
		};
		BF001AA840BF5B84FEF00E62 /* Views */ = {
			isa = PBXGroup;
			children = (
				906F8FEAA00967C6E345F7D2 /* AppointmentDetailView.swift */,
				E667F6012C405BAA66510C96 /* AppointmentsView.swift */,
				8BE17B7EB46148F50B5820AB /* AttachmentOptionsView.swift */,
				CFBDE7394E29FB3D2A516A4D /* AuthViews.swift */,
				3269C8693189E8C901825B0B /* ConsultationDetailView.swift */,
				925D5C1A98F3FCEEBAC1F7FB /* ConsultationOptionsView.swift */,
				0D2862A6A824D71499A9F2F9 /* ContentView.swift */,
				D212F383AFEC4552AC8E5AA9 /* CreateAppointmentView.swift */,
				9D71EC69666B8896F260D7BA /* DoctorAppointmentsView.swift */,
				722C9035E04C4214A0143E18 /* DoctorDashboardView.swift */,
				A0822F92352B386AAE3D4608 /* SettingsView.swift */,
				D28620C17F199E5E3256B0EF /* VideoCallView.swift */,
				B75A7A1E175B1D1D59C6250B /* Components */,
			);
			path = Views;
			sourceTree = "<group>";
		};
		D220F73D002789C5767EAF84 /* ViewModels */ = {
			isa = PBXGroup;
			children = (
				80510DBB76E72E98CC398B0A /* AppointmentViewModel.swift */,
				39F6D8668C29052793EE6446 /* ChatHistoryManager.swift */,
				C78E7FD90556D3B0E4BA6EB6 /* ChatViewModel.swift */,
				E66897DBDF61ECFBA2233B1D /* PatientViewModel.swift */,
			);
			path = ViewModels;
			sourceTree = "<group>";
		};
		F0C3CA4B82DF53140806B9E7 /* Services */ = {
			isa = PBXGroup;
			children = (
				9FA852C2EA233DCF05EC0B75 /* FeedbackReporter.swift */,
				ACC3EE239957C66AF8BE04DF /* KeychainService.swift */,
				18A77348039665D529B31895 /* LabReportsAPIService.swift */,
				E1E6E6E07EB09A7C60B4CDC5 /* NetworkService.swift */,
				2953CEB48C82F839FA84763A /* NutritionAPIService.swift */,
				89C5972459517F375454AC05 /* VitalsAPIService.swift */,
				0B05591FFE7E273970517E52 /* Database */,
			);
			path = Services;
			sourceTree = "<group>";
		};
/* End PBXGroup section */

/* Begin PBXNativeTarget section */
		09C4AA4B8440F4F7D5C3FD5E /* ZivoDoc */ = {
			isa = PBXNativeTarget;
			buildConfigurationList = 47906F38D90E7607135D515A /* Build configuration list for PBXNativeTarget "ZivoDoc" */;
			buildPhases = (
				BD0B47CF47DEA8FA3FDFC347 /* SwiftLint */,
				397001BF182E3D082E8C677D /* Sources */,
				28AD840F2EFCBB7FA9D1339A /* Resources */,
				3459BAB539D814AEA82A3912 /* Frameworks */,
			);
			buildRules = (
			);
			dependencies = (
			);
			name = ZivoDoc;
			packageProductDependencies = (
				8916AE6B95E60907A851FDCC /* Alamofire */,
				82A99EBF1D7C31ADF461B20B /* LiveKit */,
			);
			productName = ZivoDoc;
			productReference = A56F4A43F8DBF4268F477BDC /* ZivoDoc.app */;
			productType = "com.apple.product-type.application";
		};
/* End PBXNativeTarget section */

/* Begin PBXProject section */
		ED1F2CBCBECE577808718D38 /* Project object */ = {
			isa = PBXProject;
			attributes = {
				BuildIndependentTargetsInParallel = YES;
				LastUpgradeCheck = 1500;
				TargetAttributes = {
					09C4AA4B8440F4F7D5C3FD5E = {
						ProvisioningStyle = Automatic;
					};
				};
			};
			buildConfigurationList = E907EFD9096746CCF739F82B /* Build configuration list for PBXProject "ZivoDoc" */;
			compatibilityVersion = "Xcode 14.0";
			developmentRegion = en;
			hasScannedForEncodings = 0;
			knownRegions = (
				Base,
				en,
			);
			mainGroup = 3498079510971EED3B387632;
			minimizedProjectReferenceProxies = 1;
			packageReferences = (
				9D0AB4F665892F74FDCC8D3E /* XCRemoteSwiftPackageReference "Alamofire" */,
				646D01CC8D075279A425C620 /* XCRemoteSwiftPackageReference "client-sdk-swift" */,
			);
			projectDirPath = "";
			projectRoot = "";
			targets = (
				09C4AA4B8440F4F7D5C3FD5E /* ZivoDoc */,
			);
		};
/* End PBXProject section */

/* Begin PBXResourcesBuildPhase section */
		28AD840F2EFCBB7FA9D1339A /* Resources */ = {
			isa = PBXResourcesBuildPhase;
			buildActionMask = 2147483647;
			files = (
				09F54EB7184489AA7718B8CA /* Assets.xcassets in Resources */,
				02E46EF27F70DA6C5C1652ED /* LaunchScreen.storyboard in Resources */,
			);
			runOnlyForDeploymentPostprocessing = 0;
		};
/* End PBXResourcesBuildPhase section */

/* Begin PBXShellScriptBuildPhase section */
		BD0B47CF47DEA8FA3FDFC347 /* SwiftLint */ = {
			isa = PBXShellScriptBuildPhase;
			buildActionMask = 2147483647;
			files = (
			);
			inputFileListPaths = (
			);
			inputPaths = (
			);
			name = SwiftLint;
			outputFileListPaths = (
			);
			outputPaths = (
			);
			runOnlyForDeploymentPostprocessing = 0;
			shellPath = /bin/sh;
			shellScript = "if ! which swiftlint >/dev/null; then\n  echo \"warning: SwiftLint not installed, skipping linting\"\nelse\n  swiftlint Sources --config .swiftlint.yml\nfi\n";
		};
/* End PBXShellScriptBuildPhase section */

/* Begin PBXSourcesBuildPhase section */
		397001BF182E3D082E8C677D /* Sources */ = {
			isa = PBXSourcesBuildPhase;
			buildActionMask = 2147483647;
			files = (
				BA43878438145CE970C64694 /* AppConfig.swift in Sources */,
				1CA005B2DCA96A16B1BB7BBE /* Appointment.swift in Sources */,
				3442CCCBEBC95AFB8D473461 /* AppointmentDetailView.swift in Sources */,
				8E4FEC8C1F23BEF2D9E85135 /* AppointmentViewModel.swift in Sources */,
				0339FFBE6383D1FB08C6E63A /* AppointmentsView.swift in Sources */,
				6736DE89A11E5C7817B42F79 /* AttachmentOptionsView.swift in Sources */,
				B1CCCFBD8A0033E26657AD2D /* AuthViews.swift in Sources */,
				8AA03AD352730679955FD1EE /* BackendVitalsManager.swift in Sources */,
				2EACA65EAA4164784A2A3BC0 /* BrandTheme.swift in Sources */,
				7569098C966553BF34D2495F /* ChatHistoryManager.swift in Sources */,
				B06DBB299954C9161DCAF2DF /* ChatMessage.swift in Sources */,
				432DFCDECD4591A32B2D1F65 /* ChatViewModel.swift in Sources */,
				18CBCD9D8F6713C03BCEF432 /* Color+Brand.swift in Sources */,
				FD832ABA7748EBAB8C145450 /* ConsultationDetailView.swift in Sources */,
				91D4D2DEF1AE809C9E2CC6DC /* ConsultationOptionsView.swift in Sources */,
				F87499578F87A50A6E46C732 /* ContentView.swift in Sources */,
				533C56A2604EFAED5649758E /* CreateAppointmentView.swift in Sources */,
				DAB19101FE092429E62EFC51 /* DatabaseManager.swift in Sources */,
				0E84AF56778B6608F7844D6D /* DoctorAppointmentsView.swift in Sources */,
				06DA2DC3CF530DEF8E82EC64 /* DoctorDashboardView.swift in Sources */,
				17E88E6ECC7E20C6669AE556 /* FeedbackReporter.swift in Sources */,
				153D009E8083DF9C5349EB82 /* HealthKitDataFetcher.swift in Sources */,
				ADF627F1D0B90091474755C4 /* HealthKitManager.swift in Sources */,
				D470D37E5A789C5E7BEC80C5 /* HealthMetric.swift in Sources */,
				70F5A6F7EF44A975338634D7 /* KeychainService.swift in Sources */,
				9A5A6F773A4A21303209554A /* LabCategory.swift in Sources */,
				A6F6DCCF46988060149418C5 /* LabReport.swift in Sources */,
				A3B520AEBEB81091B0604525 /* LabReportsAPIService.swift in Sources */,
				603DB6C88AD02ABC1CB610E7 /* NetworkService.swift in Sources */,
				F1940A2CC747483EEEC61446 /* NutritionAPIService.swift in Sources */,
				65C512FB015B9204D5200E36 /* NutritionData.swift in Sources */,
				016D6BEF6E6326D6FD29C11B /* NutritionManager.swift in Sources */,
				DAAEF9CB1AB494E91DE6A46E /* Patient.swift in Sources */,
				B16DA23349E48CD6BA752F78 /* PatientViewModel.swift in Sources */,
				8EFE8B969C829AB00B47FDEB /* ReportIssueSheet.swift in Sources */,
				DCC50EB2E0CF1FFC004FDDDB /* SettingsView.swift in Sources */,
				A138BE4012A60BB97595ECC3 /* SharedTypes.swift in Sources */,
				87B9512D21855EEBF80183B9 /* StatusBadge.swift in Sources */,
				2780FD8BE3F0B4AD1A7D8D29 /* VideoCallView.swift in Sources */,
				A25B39486DC55C896471A130 /* View+NavigationHiding.swift in Sources */,
				49A78A673A3689BC81198C04 /* VitalsAPIService.swift in Sources */,
				39922A9047374CFCCC0541C3 /* VitalsDataProcessor.swift in Sources */,
				31A7D35546EF661D7EAA7138 /* VitalsNetworkMonitor.swift in Sources */,
				AFFCA69AD736802D4D4CA8B6 /* VitalsSyncManager.swift in Sources */,
				61C54EA4E78A3DE44B1C874A /* VitalsSyncPersistence.swift in Sources */,
				717D665AE1B79C00D093F687 /* VitalsSyncProgress.swift in Sources */,
				56B2FC193B48E1387E900038 /* VitalsSyncTypes.swift in Sources */,
				C0E9C234995F5C060DB8D454 /* ZivoDocApp.swift in Sources */,
			);
			runOnlyForDeploymentPostprocessing = 0;
		};
/* End PBXSourcesBuildPhase section */

/* Begin XCBuildConfiguration section */
		360DA5D912F9A1BE633BE212 /* Release */ = {
			isa = XCBuildConfiguration;
			buildSettings = {
				ASSETCATALOG_COMPILER_APPICON_NAME = AppIcon;
				CODE_SIGN_IDENTITY = "iPhone Developer";
				CODE_SIGN_STYLE = Automatic;
				CURRENT_PROJECT_VERSION = 1;
				DEVELOPMENT_TEAM = 83B85QRG5R;
				ENABLE_BITCODE = NO;
				GENERATE_INFOPLIST_FILE = YES;
				INFOPLIST_KEY_CFBundleDisplayName = ZivoDoc;
				INFOPLIST_KEY_NSAppTransportSecurity = "<dict>\n  <key>NSAllowsArbitraryLoads</key>\n  <true/>\n  <key>NSExceptionDomains</key>\n  <dict>\n    <key>cdnjs.cloudflare.com</key>\n    <dict>\n      <key>NSExceptionAllowsInsecureHTTPLoads</key>\n      <true/>\n      <key>NSExceptionMinimumTLSVersion</key>\n      <string>TLSv1.0</string>\n    </dict>\n    <key>cdn.jsdelivr.net</key>\n    <dict>\n      <key>NSExceptionAllowsInsecureHTTPLoads</key>\n      <true/>\n      <key>NSExceptionMinimumTLSVersion</key>\n      <string>TLSv1.0</string>\n    </dict>\n  </dict>\n</dict>\n";
				INFOPLIST_KEY_NSAppleEventsUsageDescription = "This app uses 3D visualization for medical anatomy exploration";
				INFOPLIST_KEY_NSCameraUsageDescription = "This app needs camera access for video consultations";
				INFOPLIST_KEY_NSHealthShareUsageDescription = "This app needs access to your health data to track your metrics";
				INFOPLIST_KEY_NSHealthUpdateUsageDescription = "This app needs to update your health data with new metrics";
				INFOPLIST_KEY_NSMicrophoneUsageDescription = "This app needs microphone access for video consultations";
				INFOPLIST_KEY_UIApplicationSceneManifest_Generation = YES;
				INFOPLIST_KEY_UIApplicationSupportsIndirectInputEvents = YES;
				INFOPLIST_KEY_UILaunchScreen_Generation = YES;
				INFOPLIST_KEY_UISupportedInterfaceOrientations_iPad = "UIInterfaceOrientationPortrait UIInterfaceOrientationPortraitUpsideDown UIInterfaceOrientationLandscapeLeft UIInterfaceOrientationLandscapeRight";
				INFOPLIST_KEY_UISupportedInterfaceOrientations_iPhone = "UIInterfaceOrientationPortrait UIInterfaceOrientationLandscapeLeft UIInterfaceOrientationLandscapeRight";
				IPHONEOS_DEPLOYMENT_TARGET = 15.0;
				LD_RUNPATH_SEARCH_PATHS = (
					"$(inherited)",
					"@executable_path/Frameworks",
				);
				MARKETING_VERSION = 1.0;
				OTHER_LDFLAGS = "$(inherited)";
				PRODUCT_BUNDLE_IDENTIFIER = com.zivodoc.app;
				SDKROOT = iphoneos;
				SUPPORTS_MACCATALYST = NO;
				SWIFT_STRICT_CONCURRENCY = minimal;
				SWIFT_UPCOMING_FEATURE_CONCISE_MAGIC_FILE = YES;
				SWIFT_UPCOMING_FEATURE_FORWARD_TRAILING_CLOSURES = YES;
				SWIFT_VERSION = 5.0;
				TARGETED_DEVICE_FAMILY = "1,2";
				WKWebViewConfiguration_allowsArbitraryLoads = YES;
				WKWebViewConfiguration_allowsLocalNetworking = YES;
			};
			name = Release;
		};
		818817A07C8F73EBA89CEB08 /* Debug */ = {
			isa = XCBuildConfiguration;
			buildSettings = {
				ALWAYS_SEARCH_USER_PATHS = NO;
				CLANG_ANALYZER_NONNULL = YES;
				CLANG_ANALYZER_NUMBER_OBJECT_CONVERSION = YES_AGGRESSIVE;
				CLANG_CXX_LANGUAGE_STANDARD = "gnu++14";
				CLANG_CXX_LIBRARY = "libc++";
				CLANG_ENABLE_MODULES = YES;
				CLANG_ENABLE_OBJC_ARC = YES;
				CLANG_ENABLE_OBJC_WEAK = YES;
				CLANG_WARN_BLOCK_CAPTURE_AUTORELEASING = YES;
				CLANG_WARN_BOOL_CONVERSION = YES;
				CLANG_WARN_COMMA = YES;
				CLANG_WARN_CONSTANT_CONVERSION = YES;
				CLANG_WARN_DEPRECATED_OBJC_IMPLEMENTATIONS = YES;
				CLANG_WARN_DIRECT_OBJC_ISA_USAGE = YES_ERROR;
				CLANG_WARN_DOCUMENTATION_COMMENTS = YES;
				CLANG_WARN_EMPTY_BODY = YES;
				CLANG_WARN_ENUM_CONVERSION = YES;
				CLANG_WARN_INFINITE_RECURSION = YES;
				CLANG_WARN_INT_CONVERSION = YES;
				CLANG_WARN_NON_LITERAL_NULL_CONVERSION = YES;
				CLANG_WARN_OBJC_IMPLICIT_RETAIN_SELF = YES;
				CLANG_WARN_OBJC_LITERAL_CONVERSION = YES;
				CLANG_WARN_OBJC_ROOT_CLASS = YES_ERROR;
				CLANG_WARN_QUOTED_INCLUDE_IN_FRAMEWORK_HEADER = YES;
				CLANG_WARN_RANGE_LOOP_ANALYSIS = YES;
				CLANG_WARN_STRICT_PROTOTYPES = YES;
				CLANG_WARN_SUSPICIOUS_MOVE = YES;
				CLANG_WARN_UNGUARDED_AVAILABILITY = YES_AGGRESSIVE;
				CLANG_WARN_UNREACHABLE_CODE = YES;
				CLANG_WARN__DUPLICATE_METHOD_MATCH = YES;
				COPY_PHASE_STRIP = NO;
				DEBUG_INFORMATION_FORMAT = dwarf;
				ENABLE_STRICT_OBJC_MSGSEND = YES;
				ENABLE_TESTABILITY = YES;
				GCC_C_LANGUAGE_STANDARD = gnu11;
				GCC_DYNAMIC_NO_PIC = NO;
				GCC_NO_COMMON_BLOCKS = YES;
				GCC_OPTIMIZATION_LEVEL = 0;
				GCC_PREPROCESSOR_DEFINITIONS = (
					"$(inherited)",
					"DEBUG=1",
				);
				GCC_WARN_64_TO_32_BIT_CONVERSION = YES;
				GCC_WARN_ABOUT_RETURN_TYPE = YES_ERROR;
				GCC_WARN_UNDECLARED_SELECTOR = YES;
				GCC_WARN_UNINITIALIZED_AUTOS = YES_AGGRESSIVE;
				GCC_WARN_UNUSED_FUNCTION = YES;
				GCC_WARN_UNUSED_VARIABLE = YES;
				IPHONEOS_DEPLOYMENT_TARGET = 15.0;
				MTL_ENABLE_DEBUG_INFO = INCLUDE_SOURCE;
				MTL_FAST_MATH = YES;
				ONLY_ACTIVE_ARCH = YES;
				PRODUCT_NAME = "$(TARGET_NAME)";
				SDKROOT = iphoneos;
				SWIFT_ACTIVE_COMPILATION_CONDITIONS = DEBUG;
				SWIFT_OPTIMIZATION_LEVEL = "-Onone";
				SWIFT_VERSION = 5.0;
			};
			name = Debug;
		};
		C2BFEB73995A2E99D090EC1B /* Debug */ = {
			isa = XCBuildConfiguration;
			buildSettings = {
				ASSETCATALOG_COMPILER_APPICON_NAME = AppIcon;
				CODE_SIGN_IDENTITY = "iPhone Developer";
				CODE_SIGN_STYLE = Automatic;
				CURRENT_PROJECT_VERSION = 1;
				DEVELOPMENT_TEAM = 83B85QRG5R;
				ENABLE_BITCODE = NO;
				GENERATE_INFOPLIST_FILE = YES;
				INFOPLIST_KEY_CFBundleDisplayName = ZivoDoc;
				INFOPLIST_KEY_NSAppTransportSecurity = "<dict>\n  <key>NSAllowsArbitraryLoads</key>\n  <true/>\n  <key>NSExceptionDomains</key>\n  <dict>\n    <key>cdnjs.cloudflare.com</key>\n    <dict>\n      <key>NSExceptionAllowsInsecureHTTPLoads</key>\n      <true/>\n      <key>NSExceptionMinimumTLSVersion</key>\n      <string>TLSv1.0</string>\n    </dict>\n    <key>cdn.jsdelivr.net</key>\n    <dict>\n      <key>NSExceptionAllowsInsecureHTTPLoads</key>\n      <true/>\n      <key>NSExceptionMinimumTLSVersion</key>\n      <string>TLSv1.0</string>\n    </dict>\n  </dict>\n</dict>\n";
				INFOPLIST_KEY_NSAppleEventsUsageDescription = "This app uses 3D visualization for medical anatomy exploration";
				INFOPLIST_KEY_NSCameraUsageDescription = "This app needs camera access for video consultations";
				INFOPLIST_KEY_NSHealthShareUsageDescription = "This app needs access to your health data to track your metrics";
				INFOPLIST_KEY_NSHealthUpdateUsageDescription = "This app needs to update your health data with new metrics";
				INFOPLIST_KEY_NSMicrophoneUsageDescription = "This app needs microphone access for video consultations";
				INFOPLIST_KEY_UIApplicationSceneManifest_Generation = YES;
				INFOPLIST_KEY_UIApplicationSupportsIndirectInputEvents = YES;
				INFOPLIST_KEY_UILaunchScreen_Generation = YES;
				INFOPLIST_KEY_UISupportedInterfaceOrientations_iPad = "UIInterfaceOrientationPortrait UIInterfaceOrientationPortraitUpsideDown UIInterfaceOrientationLandscapeLeft UIInterfaceOrientationLandscapeRight";
				INFOPLIST_KEY_UISupportedInterfaceOrientations_iPhone = "UIInterfaceOrientationPortrait UIInterfaceOrientationLandscapeLeft UIInterfaceOrientationLandscapeRight";
				IPHONEOS_DEPLOYMENT_TARGET = 15.0;
				LD_RUNPATH_SEARCH_PATHS = (
					"$(inherited)",
					"@executable_path/Frameworks",
				);
				MARKETING_VERSION = 1.0;
				OTHER_LDFLAGS = "$(inherited)";
				PRODUCT_BUNDLE_IDENTIFIER = com.zivodoc.app;
				SDKROOT = iphoneos;
				SUPPORTS_MACCATALYST = NO;
				SWIFT_STRICT_CONCURRENCY = minimal;
				SWIFT_UPCOMING_FEATURE_CONCISE_MAGIC_FILE = YES;
				SWIFT_UPCOMING_FEATURE_FORWARD_TRAILING_CLOSURES = YES;
				SWIFT_VERSION = 5.0;
				TARGETED_DEVICE_FAMILY = "1,2";
				WKWebViewConfiguration_allowsArbitraryLoads = YES;
				WKWebViewConfiguration_allowsLocalNetworking = YES;
			};
			name = Debug;
		};
		C8F1F889AC51DD7103EE354F /* Release */ = {
			isa = XCBuildConfiguration;
			buildSettings = {
				ALWAYS_SEARCH_USER_PATHS = NO;
				CLANG_ANALYZER_NONNULL = YES;
				CLANG_ANALYZER_NUMBER_OBJECT_CONVERSION = YES_AGGRESSIVE;
				CLANG_CXX_LANGUAGE_STANDARD = "gnu++14";
				CLANG_CXX_LIBRARY = "libc++";
				CLANG_ENABLE_MODULES = YES;
				CLANG_ENABLE_OBJC_ARC = YES;
				CLANG_ENABLE_OBJC_WEAK = YES;
				CLANG_WARN_BLOCK_CAPTURE_AUTORELEASING = YES;
				CLANG_WARN_BOOL_CONVERSION = YES;
				CLANG_WARN_COMMA = YES;
				CLANG_WARN_CONSTANT_CONVERSION = YES;
				CLANG_WARN_DEPRECATED_OBJC_IMPLEMENTATIONS = YES;
				CLANG_WARN_DIRECT_OBJC_ISA_USAGE = YES_ERROR;
				CLANG_WARN_DOCUMENTATION_COMMENTS = YES;
				CLANG_WARN_EMPTY_BODY = YES;
				CLANG_WARN_ENUM_CONVERSION = YES;
				CLANG_WARN_INFINITE_RECURSION = YES;
				CLANG_WARN_INT_CONVERSION = YES;
				CLANG_WARN_NON_LITERAL_NULL_CONVERSION = YES;
				CLANG_WARN_OBJC_IMPLICIT_RETAIN_SELF = YES;
				CLANG_WARN_OBJC_LITERAL_CONVERSION = YES;
				CLANG_WARN_OBJC_ROOT_CLASS = YES_ERROR;
				CLANG_WARN_QUOTED_INCLUDE_IN_FRAMEWORK_HEADER = YES;
				CLANG_WARN_RANGE_LOOP_ANALYSIS = YES;
				CLANG_WARN_STRICT_PROTOTYPES = YES;
				CLANG_WARN_SUSPICIOUS_MOVE = YES;
				CLANG_WARN_UNGUARDED_AVAILABILITY = YES_AGGRESSIVE;
				CLANG_WARN_UNREACHABLE_CODE = YES;
				CLANG_WARN__DUPLICATE_METHOD_MATCH = YES;
				COPY_PHASE_STRIP = NO;
				DEBUG_INFORMATION_FORMAT = "dwarf-with-dsym";
				ENABLE_NS_ASSERTIONS = NO;
				ENABLE_STRICT_OBJC_MSGSEND = YES;
				GCC_C_LANGUAGE_STANDARD = gnu11;
				GCC_NO_COMMON_BLOCKS = YES;
				GCC_WARN_64_TO_32_BIT_CONVERSION = YES;
				GCC_WARN_ABOUT_RETURN_TYPE = YES_ERROR;
				GCC_WARN_UNDECLARED_SELECTOR = YES;
				GCC_WARN_UNINITIALIZED_AUTOS = YES_AGGRESSIVE;
				GCC_WARN_UNUSED_FUNCTION = YES;
				GCC_WARN_UNUSED_VARIABLE = YES;
				IPHONEOS_DEPLOYMENT_TARGET = 15.0;
				MTL_ENABLE_DEBUG_INFO = NO;
				MTL_FAST_MATH = YES;
				PRODUCT_NAME = "$(TARGET_NAME)";
				SDKROOT = iphoneos;
				SWIFT_COMPILATION_MODE = wholemodule;
				SWIFT_OPTIMIZATION_LEVEL = "-O";
				SWIFT_VERSION = 5.0;
			};
			name = Release;
		};
/* End XCBuildConfiguration section */

/* Begin XCConfigurationList section */
		47906F38D90E7607135D515A /* Build configuration list for PBXNativeTarget "ZivoDoc" */ = {
			isa = XCConfigurationList;
			buildConfigurations = (
				C2BFEB73995A2E99D090EC1B /* Debug */,
				360DA5D912F9A1BE633BE212 /* Release */,
			);
			defaultConfigurationIsVisible = 0;
			defaultConfigurationName = Debug;
		};
		E907EFD9096746CCF739F82B /* Build configuration list for PBXProject "ZivoDoc" */ = {
			isa = XCConfigurationList;
			buildConfigurations = (
				818817A07C8F73EBA89CEB08 /* Debug */,
				C8F1F889AC51DD7103EE354F /* Release */,
			);
			defaultConfigurationIsVisible = 0;
			defaultConfigurationName = Debug;
		};
/* End XCConfigurationList section */

/* Begin XCRemoteSwiftPackageReference section */
		646D01CC8D075279A425C620 /* XCRemoteSwiftPackageReference "client-sdk-swift" */ = {
			isa = XCRemoteSwiftPackageReference;
			repositoryURL = "https://github.com/livekit/client-sdk-swift.git";
			requirement = {
				kind = upToNextMajorVersion;
				minimumVersion = 2.0.0;
			};
		};
		9D0AB4F665892F74FDCC8D3E /* XCRemoteSwiftPackageReference "Alamofire" */ = {
			isa = XCRemoteSwiftPackageReference;
			repositoryURL = "https://github.com/Alamofire/Alamofire.git";
			requirement = {
				kind = upToNextMajorVersion;
				minimumVersion = 5.10.0;
			};
		};
/* End XCRemoteSwiftPackageReference section */

/* Begin XCSwiftPackageProductDependency section */
		82A99EBF1D7C31ADF461B20B /* LiveKit */ = {
			isa = XCSwiftPackageProductDependency;
			package = 646D01CC8D075279A425C620 /* XCRemoteSwiftPackageReference "client-sdk-swift" */;
			productName = LiveKit;
		};
		8916AE6B95E60907A851FDCC /* Alamofire */ = {
			isa = XCSwiftPackageProductDependency;
			package = 9D0AB4F665892F74FDCC8D3E /* XCRemoteSwiftPackageReference "Alamofire" */;
			productName = Alamofire;
		};
/* End XCSwiftPackageProductDependency section */
	};
	rootObject = ED1F2CBCBECE577808718D38 /* Project object */;
}
