{
  "version": 4,
  "terraform_version": "1.5.7",
  "serial": 126,
  "lineage": "cf7691e0-e751-3b17-b8f8-447a60497b41",
  "outputs": {
    "ec2_instance_id": {
      "value": "i-0fa5d91d380b629da",
      "type": "string"
    },
    "ec2_public_ip": {
      "value": "54.196.141.113",
      "type": "string"
    },
    "ecr_repository_url": {
      "value": "474221740916.dkr.ecr.us-east-1.amazonaws.com/zivohealth-dev-backend",
      "type": "string"
    },
    "rds_endpoint": {
      "value": "zivohealth-dev-postgres.cabauc2kk65l.us-east-1.rds.amazonaws.com",
      "type": "string"
    },
    "ssm_image_tag_param_name": {
      "value": "/zivohealth/dev/deploy/image_tag",
      "type": "string"
    }
  },
  "resources": [
    {
      "module": "module.compute",
      "mode": "data",
      "type": "aws_ami",
      "name": "ubuntu",
      "provider": "provider[\"registry.terraform.io/hashicorp/aws\"]",
      "instances": [
        {
          "schema_version": 0,
          "attributes": {
            "allow_unsafe_filter": null,
            "architecture": "x86_64",
            "arn": "arn:aws:ec2:us-east-1::image/ami-0bbdd8c17ed981ef9",
            "block_device_mappings": [
              {
                "device_name": "/dev/sda1",
                "ebs": {
                  "delete_on_termination": "true",
                  "encrypted": "false",
                  "iops": "0",
                  "snapshot_id": "snap-044c7fd1c01a7978c",
                  "throughput": "0",
                  "volume_initialization_rate": "0",
                  "volume_size": "8",
                  "volume_type": "gp2"
                },
                "no_device": "",
                "virtual_name": ""
              },
              {
                "device_name": "/dev/sdb",
                "ebs": {},
                "no_device": "",
                "virtual_name": "ephemeral0"
              },
              {
                "device_name": "/dev/sdc",
                "ebs": {},
                "no_device": "",
                "virtual_name": "ephemeral1"
              }
            ],
            "boot_mode": "uefi-preferred",
            "creation_date": "2025-08-22T06:58:58.000Z",
            "deprecation_time": "2027-08-22T06:58:58.000Z",
            "description": "Canonical, Ubuntu, 22.04, amd64 jammy image",
            "ena_support": true,
            "executable_users": null,
            "filter": [
              {
                "name": "name",
                "values": [
                  "ubuntu/images/hvm-ssd/ubuntu-jammy-22.04-amd64-server-*"
                ]
              }
            ],
            "hypervisor": "xen",
            "id": "ami-0bbdd8c17ed981ef9",
            "image_id": "ami-0bbdd8c17ed981ef9",
            "image_location": "amazon/ubuntu/images/hvm-ssd/ubuntu-jammy-22.04-amd64-server-20250822",
            "image_owner_alias": "amazon",
            "image_type": "machine",
            "imds_support": "",
            "include_deprecated": false,
            "kernel_id": "",
            "last_launched_time": "",
            "most_recent": true,
            "name": "ubuntu/images/hvm-ssd/ubuntu-jammy-22.04-amd64-server-20250822",
            "name_regex": null,
            "owner_id": "099720109477",
            "owners": [
              "099720109477"
            ],
            "platform": "",
            "platform_details": "Linux/UNIX",
            "product_codes": [],
            "public": true,
            "ramdisk_id": "",
            "region": "us-east-1",
            "root_device_name": "/dev/sda1",
            "root_device_type": "ebs",
            "root_snapshot_id": "snap-044c7fd1c01a7978c",
            "sriov_net_support": "simple",
            "state": "available",
            "state_reason": {
              "code": "UNSET",
              "message": "UNSET"
            },
            "tags": {},
            "timeouts": null,
            "tpm_support": "",
            "uefi_data": null,
            "usage_operation": "RunInstances",
            "virtualization_type": "hvm"
          },
          "sensitive_attributes": []
        }
      ]
    },
    {
      "module": "module.compute",
      "mode": "data",
      "type": "aws_caller_identity",
      "name": "current",
      "provider": "provider[\"registry.terraform.io/hashicorp/aws\"]",
      "instances": [
        {
          "schema_version": 0,
          "attributes": {
            "account_id": "474221740916",
            "arn": "arn:aws:iam::474221740916:user/zivoterraform",
            "id": "474221740916",
            "user_id": "AIDAW42ORQN2MA5R4LCBG"
          },
          "sensitive_attributes": []
        }
      ]
    },
    {
      "module": "module.compute",
      "mode": "data",
      "type": "aws_region",
      "name": "current",
      "provider": "provider[\"registry.terraform.io/hashicorp/aws\"]",
      "instances": [
        {
          "schema_version": 0,
          "attributes": {
            "description": "US East (N. Virginia)",
            "endpoint": "ec2.us-east-1.amazonaws.com",
            "id": "us-east-1",
            "name": "us-east-1",
            "region": "us-east-1"
          },
          "sensitive_attributes": []
        }
      ]
    },
    {
      "module": "module.compute",
      "mode": "managed",
      "type": "aws_instance",
      "name": "host",
      "provider": "provider[\"registry.terraform.io/hashicorp/aws\"]",
      "instances": [
        {
          "schema_version": 2,
          "attributes": {
            "ami": "ami-0bbdd8c17ed981ef9",
            "arn": "arn:aws:ec2:us-east-1:474221740916:instance/i-0fa5d91d380b629da",
            "associate_public_ip_address": true,
            "availability_zone": "us-east-1a",
            "capacity_reservation_specification": [
              {
                "capacity_reservation_preference": "open",
                "capacity_reservation_target": []
              }
            ],
            "cpu_options": [
              {
                "amd_sev_snp": "",
                "core_count": 1,
                "threads_per_core": 1
              }
            ],
            "credit_specification": [
              {
                "cpu_credits": "standard"
              }
            ],
            "disable_api_stop": false,
            "disable_api_termination": false,
            "ebs_block_device": [],
            "ebs_optimized": false,
            "enable_primary_ipv6": null,
            "enclave_options": [
              {
                "enabled": false
              }
            ],
            "ephemeral_block_device": [],
            "force_destroy": false,
            "get_password_data": false,
            "hibernation": false,
            "host_id": "",
            "host_resource_group_arn": null,
            "iam_instance_profile": "zivohealth-dev-ec2-profile",
            "id": "i-0fa5d91d380b629da",
            "instance_initiated_shutdown_behavior": "stop",
            "instance_lifecycle": "",
            "instance_market_options": [],
            "instance_state": "running",
            "instance_type": "t2.micro",
            "ipv6_address_count": 0,
            "ipv6_addresses": [],
            "key_name": "ec2-dbeaver",
            "launch_template": [],
            "maintenance_options": [
              {
                "auto_recovery": "default"
              }
            ],
            "metadata_options": [
              {
                "http_endpoint": "enabled",
                "http_protocol_ipv6": "disabled",
                "http_put_response_hop_limit": 1,
                "http_tokens": "optional",
                "instance_metadata_tags": "disabled"
              }
            ],
            "monitoring": false,
            "network_interface": [],
            "outpost_arn": "",
            "password_data": "",
            "placement_group": "",
            "placement_partition_number": 0,
            "primary_network_interface": [
              {
                "delete_on_termination": true,
                "network_interface_id": "eni-005e067b5dc3aa123"
              }
            ],
            "primary_network_interface_id": "eni-005e067b5dc3aa123",
            "private_dns": "ip-10-20-4-245.ec2.internal",
            "private_dns_name_options": [
              {
                "enable_resource_name_dns_a_record": false,
                "enable_resource_name_dns_aaaa_record": false,
                "hostname_type": "ip-name"
              }
            ],
            "private_ip": "10.20.4.245",
            "public_dns": "ec2-54-196-141-113.compute-1.amazonaws.com",
            "public_ip": "54.196.141.113",
            "region": "us-east-1",
            "root_block_device": [
              {
                "delete_on_termination": true,
                "device_name": "/dev/sda1",
                "encrypted": false,
                "iops": 3000,
                "kms_key_id": "",
                "tags": {},
                "tags_all": {},
                "throughput": 125,
                "volume_id": "vol-00b98bbb7d1ced6a3",
                "volume_size": 30,
                "volume_type": "gp3"
              }
            ],
            "secondary_private_ips": [],
            "security_groups": [],
            "source_dest_check": true,
            "spot_instance_request_id": "",
            "subnet_id": "subnet-05e7e67617b6f1879",
            "tags": {
              "Name": "zivohealth-dev-ec2"
            },
            "tags_all": {
              "Name": "zivohealth-dev-ec2"
            },
            "tenancy": "default",
            "timeouts": null,
            "user_data": "#!/bin/bash\nset -e\n\nexport AWS_DEFAULT_REGION=us-east-1\n\n# Install updates, awscli, and SSM Agent\napt-get update -y || true\napt-get install -y ca-certificates curl gnupg lsb-release awscli || true\n\n# Ensure SSM Agent is installed and running (Ubuntu 22.04 ships with it, but keep idempotent)\nif ! systemctl status snap.amazon-ssm-agent.amazon-ssm-agent \u003e/dev/null 2\u003e\u00261; then\n  snap install amazon-ssm-agent || true\n  systemctl enable --now snap.amazon-ssm-agent.amazon-ssm-agent || true\nfi\n\nif ! command -v docker \u003e/dev/null 2\u003e\u00261; then\n  install -m 0755 -d /etc/apt/keyrings\n  curl -fsSL https://download.docker.com/linux/ubuntu/gpg | gpg --dearmor -o /etc/apt/keyrings/docker.gpg\n  chmod a+r /etc/apt/keyrings/docker.gpg\n  echo \\\n    \"deb [arch=$(dpkg --print-architecture) signed-by=/etc/apt/keyrings/docker.gpg] https://download.docker.com/linux/ubuntu \\\n    $(. /etc/os-release \u0026\u0026 echo $VERSION_CODENAME) stable\" | \\\n    tee /etc/apt/sources.list.d/docker.list \u003e /dev/null\n  apt-get update -y\n  apt-get install -y docker-ce docker-ce-cli containerd.io docker-buildx-plugin docker-compose-plugin\nfi\n\nusermod -aG docker ubuntu || true\n\nmkdir -p /opt/zivohealth\ncd /opt/zivohealth\n\n# Write docker-compose.yml\ncat \u003e /opt/zivohealth/docker-compose.yml \u003c\u003c'YAML'\nservices:\n  api:\n    image: 474221740916.dkr.ecr.us-east-1.amazonaws.com/zivohealth-dev-backend:latest\n    env_file:\n      - .env\n    expose:\n      - \"8000\"\n    restart: always\n    depends_on:\n      - redis\n  caddy:\n    image: public.ecr.aws/docker/library/caddy:2-alpine\n    restart: always\n    ports:\n      - \"80:80\"\n      - \"443:443\"\n    volumes:\n      - ./Caddyfile:/etc/caddy/Caddyfile:ro\n      - ./www:/srv/www:ro\n      - caddy_data:/data\n      - caddy_config:/config\n    depends_on:\n      - api\n  redis:\n    image: public.ecr.aws/docker/library/redis:7-alpine\n    restart: always\nvolumes:\n  caddy_data:\n  caddy_config:\nYAML\n\n# Populate .env from SSM\nPROJECT=zivohealth\nENVIRONMENT=dev\nDB_HOST=$(aws --region us-east-1 ssm get-parameter --with-decryption --name /zivohealth/dev/db/host --query \"Parameter.Value\" --output text || echo \"\")\nDB_USER=$(aws --region us-east-1 ssm get-parameter --with-decryption --name /zivohealth/dev/db/user --query \"Parameter.Value\" --output text || echo \"\")\nDB_PASS=$(aws --region us-east-1 ssm get-parameter --with-decryption --name /zivohealth/dev/db/password --query \"Parameter.Value\" --output text || echo \"\")\nS3_BUCKET=$(aws --region us-east-1 ssm get-parameter --name /zivohealth/dev/s3/bucket --query \"Parameter.Value\" --output text || echo \"\")\nVALID_API_KEYS_SSM=$(aws --region us-east-1 ssm get-parameter --with-decryption --name \"/zivohealth/dev/api/valid_api_keys\" --query \"Parameter.Value\" --output text 2\u003e/dev/null || echo \"\")\n\n# Optional application secrets/config from SSM (if present)\nOPENAI_API_KEY=$(aws --region us-east-1 ssm get-parameter --with-decryption --name \"/zivohealth/dev/openai/api_key\" --query \"Parameter.Value\" --output text 2\u003e/dev/null || echo \"\")\nLANGCHAIN_API_KEY=$(aws --region us-east-1 ssm get-parameter --with-decryption --name \"/zivohealth/dev/langsmith/api_key\" --query \"Parameter.Value\" --output text 2\u003e/dev/null || echo \"\")\nLANGCHAIN_PROJECT=$(aws --region us-east-1 ssm get-parameter --name \"/zivohealth/dev/langsmith/project\" --query \"Parameter.Value\" --output text 2\u003e/dev/null || echo \"\")\nLANGCHAIN_ENDPOINT=$(aws --region us-east-1 ssm get-parameter --name \"/zivohealth/dev/langsmith/endpoint\" --query \"Parameter.Value\" --output text 2\u003e/dev/null || echo \"\")\nE2B_API_KEY=$(aws --region us-east-1 ssm get-parameter --with-decryption --name \"/zivohealth/dev/e2b/api_key\" --query \"Parameter.Value\" --output text 2\u003e/dev/null || echo \"\")\nSERPAPI_KEY=$(aws --region us-east-1 ssm get-parameter --with-decryption --name \"/zivohealth/dev/serpapi/key\" --query \"Parameter.Value\" --output text 2\u003e/dev/null || echo \"\")\nLIVEKIT_URL=$(aws --region us-east-1 ssm get-parameter --name \"/zivohealth/dev/livekit/url\" --query \"Parameter.Value\" --output text 2\u003e/dev/null || echo \"\")\nLIVEKIT_API_KEY=$(aws --region us-east-1 ssm get-parameter --with-decryption --name \"/zivohealth/dev/livekit/api_key\" --query \"Parameter.Value\" --output text 2\u003e/dev/null || echo \"\")\nLIVEKIT_API_SECRET=$(aws --region us-east-1 ssm get-parameter --with-decryption --name \"/zivohealth/dev/livekit/api_secret\" --query \"Parameter.Value\" --output text 2\u003e/dev/null || echo \"\")\n\n# Secret key: fetch from SSM if available, otherwise generate a random one for this instance\nSECRET_KEY=$(aws --region us-east-1 ssm get-parameter --with-decryption --name \"/zivohealth/dev/app/secret_key\" --query \"Parameter.Value\" --output text 2\u003e/dev/null || echo \"\")\nif [ -z \"$SECRET_KEY\" ]; then\n  SECRET_KEY=$(head -c 32 /dev/urandom | base64 | tr -d '\\n')\nfi\n\n# App secret for HMAC signatures\nAPP_SECRET_KEY=$(aws --region us-east-1 ssm get-parameter --with-decryption --name \"/zivohealth/dev/app/app_secret_key\" --query \"Parameter.Value\" --output text 2\u003e/dev/null || echo \"\")\nif [ -z \"$APP_SECRET_KEY\" ]; then\n  APP_SECRET_KEY=$(head -c 32 /dev/urandom | base64 | tr -d '\\n')\nfi\n\n# --- API keys: use SSM if present, otherwise generate one so the system is usable ---\nif [ -n \"$VALID_API_KEYS_SSM\" ]; then\n  VALID_API_KEYS=\"$VALID_API_KEYS_SSM\"\nelse\n  GEN_KEY=$(head -c 32 /dev/urandom | base64 | tr -dc 'A-Za-z0-9' | head -c 32)\n  VALID_API_KEYS=\"[\\\"$GEN_KEY\\\"]\"\n  echo \"{\\\"api_keys\\\": [$GEN_KEY]}\" \u003e /opt/zivohealth/generated_api_keys.json || true\nfi\n\n# --- AI Model Config from SSM with sensible defaults ---\nDEFAULT_AI_MODEL=$(aws --region us-east-1 ssm get-parameter --name \"/zivohealth/dev/models/default_ai_model\" --query \"Parameter.Value\" --output text 2\u003e/dev/null || echo \"\")\nBASE_AGENT_MODEL=$(aws --region us-east-1 ssm get-parameter --name \"/zivohealth/dev/models/base_agent_model\" --query \"Parameter.Value\" --output text 2\u003e/dev/null || echo \"\")\nBASE_AGENT_TEMPERATURE=$(aws --region us-east-1 ssm get-parameter --name \"/zivohealth/dev/models/base_agent_temperature\" --query \"Parameter.Value\" --output text 2\u003e/dev/null || echo \"\")\nLAB_AGENT=$(aws --region us-east-1 ssm get-parameter --name \"/zivohealth/dev/models/lab_agent_model\" --query \"Parameter.Value\" --output text 2\u003e/dev/null || echo \"\")\nLAB_AGENT_TEMPERATURE=$(aws --region us-east-1 ssm get-parameter --name \"/zivohealth/dev/models/lab_agent_temperature\" --query \"Parameter.Value\" --output text 2\u003e/dev/null || echo \"\")\nCUSTOMER_AGENT_MODEL=$(aws --region us-east-1 ssm get-parameter --name \"/zivohealth/dev/models/customer_agent_model\" --query \"Parameter.Value\" --output text 2\u003e/dev/null || echo \"\")\nCUSTOMER_AGENT_TEMPERATURE=$(aws --region us-east-1 ssm get-parameter --name \"/zivohealth/dev/models/customer_agent_temperature\" --query \"Parameter.Value\" --output text 2\u003e/dev/null || echo \"\")\nMEDICAL_DOCTOR_MODEL=$(aws --region us-east-1 ssm get-parameter --name \"/zivohealth/dev/models/medical_doctor_model\" --query \"Parameter.Value\" --output text 2\u003e/dev/null || echo \"\")\nMEDICAL_DOCTOR_TEMPERATURE=$(aws --region us-east-1 ssm get-parameter --name \"/zivohealth/dev/models/medical_doctor_temperature\" --query \"Parameter.Value\" --output text 2\u003e/dev/null || echo \"\")\nDOCUMENT_WORKFLOW_MODEL=$(aws --region us-east-1 ssm get-parameter --name \"/zivohealth/dev/models/document_workflow_model\" --query \"Parameter.Value\" --output text 2\u003e/dev/null || echo \"\")\nDOCUMENT_WORKFLOW_TEMPERATURE=$(aws --region us-east-1 ssm get-parameter --name \"/zivohealth/dev/models/document_workflow_temperature\" --query \"Parameter.Value\" --output text 2\u003e/dev/null || echo \"\")\nOPENAI_CLIENT_MODEL=$(aws --region us-east-1 ssm get-parameter --name \"/zivohealth/dev/models/openai_client_model\" --query \"Parameter.Value\" --output text 2\u003e/dev/null || echo \"\")\nLAB_AGGREGATION_AGENT_MODEL=$(aws --region us-east-1 ssm get-parameter --name \"/zivohealth/dev/models/lab_aggregation_agent_model\" --query \"Parameter.Value\" --output text 2\u003e/dev/null || echo \"\")\nLAB_AGGREGATION_AGENT_TEMPERATURE=$(aws --region us-east-1 ssm get-parameter --name \"/zivohealth/dev/models/lab_aggregation_agent_temperature\" --query \"Parameter.Value\" --output text 2\u003e/dev/null || echo \"\")\nNUTRITION_VISION_MODEL=$(aws --region us-east-1 ssm get-parameter --name \"/zivohealth/dev/models/nutrition_vision_model\" --query \"Parameter.Value\" --output text 2\u003e/dev/null || echo \"\")\nNUTRITION_AGENT_MODEL=$(aws --region us-east-1 ssm get-parameter --name \"/zivohealth/dev/models/nutrition_agent_model\" --query \"Parameter.Value\" --output text 2\u003e/dev/null || echo \"\")\nVITALS_VISION_MODEL=$(aws --region us-east-1 ssm get-parameter --name \"/zivohealth/dev/models/vitals_vision_model\" --query \"Parameter.Value\" --output text 2\u003e/dev/null || echo \"\")\nVITALS_AGENT_MODEL=$(aws --region us-east-1 ssm get-parameter --name \"/zivohealth/dev/models/vitals_agent_model\" --query \"Parameter.Value\" --output text 2\u003e/dev/null || echo \"\")\nPRESCRIPTION_CLINICAL_AGENT_MODEL=$(aws --region us-east-1 ssm get-parameter --name \"/zivohealth/dev/models/prescription_clinical_agent_model\" --query \"Parameter.Value\" --output text 2\u003e/dev/null || echo \"\")\nPRESCRIPTION_CLINICAL_VISION_MODEL=$(aws --region us-east-1 ssm get-parameter --name \"/zivohealth/dev/models/prescription_clinical_vision_model\" --query \"Parameter.Value\" --output text 2\u003e/dev/null || echo \"\")\nPRESCRIPTION_CLINICAL_VISION_MAX_TOKENS=$(aws --region us-east-1 ssm get-parameter --name \"/zivohealth/dev/models/prescription_clinical_vision_max_tokens\" --query \"Parameter.Value\" --output text 2\u003e/dev/null || echo \"\")\nPHARMACY_AGENT_MODEL=$(aws --region us-east-1 ssm get-parameter --name \"/zivohealth/dev/models/pharmacy_agent_model\" --query \"Parameter.Value\" --output text 2\u003e/dev/null || echo \"\")\nPHARMACY_VISION_MODEL=$(aws --region us-east-1 ssm get-parameter --name \"/zivohealth/dev/models/pharmacy_vision_model\" --query \"Parameter.Value\" --output text 2\u003e/dev/null || echo \"\")\n\n# Defaults mirroring backend/.env if SSM unset\n[ -z \"$DEFAULT_AI_MODEL\" ] \u0026\u0026 DEFAULT_AI_MODEL=\"gpt-4o-mini\"\n[ -z \"$BASE_AGENT_MODEL\" ] \u0026\u0026 BASE_AGENT_MODEL=\"o4-mini\"\n[ -z \"$BASE_AGENT_TEMPERATURE\" ] \u0026\u0026 BASE_AGENT_TEMPERATURE=\"1\"\n[ -z \"$LAB_AGENT\" ] \u0026\u0026 LAB_AGENT=\"o4-mini\"\n[ -z \"$LAB_AGENT_TEMPERATURE\" ] \u0026\u0026 LAB_AGENT_TEMPERATURE=\"1\"\n[ -z \"$CUSTOMER_AGENT_MODEL\" ] \u0026\u0026 CUSTOMER_AGENT_MODEL=\"gpt-4o-mini\"\n[ -z \"$CUSTOMER_AGENT_TEMPERATURE\" ] \u0026\u0026 CUSTOMER_AGENT_TEMPERATURE=\"0.3\"\n[ -z \"$MEDICAL_DOCTOR_MODEL\" ] \u0026\u0026 MEDICAL_DOCTOR_MODEL=\"gpt-4o-mini\"\n[ -z \"$MEDICAL_DOCTOR_TEMPERATURE\" ] \u0026\u0026 MEDICAL_DOCTOR_TEMPERATURE=\"0.1\"\n[ -z \"$DOCUMENT_WORKFLOW_MODEL\" ] \u0026\u0026 DOCUMENT_WORKFLOW_MODEL=\"gpt-4o-mini\"\n[ -z \"$DOCUMENT_WORKFLOW_TEMPERATURE\" ] \u0026\u0026 DOCUMENT_WORKFLOW_TEMPERATURE=\"0.1\"\n[ -z \"$OPENAI_CLIENT_MODEL\" ] \u0026\u0026 OPENAI_CLIENT_MODEL=\"gpt-4o-mini\"\n[ -z \"$LAB_AGGREGATION_AGENT_MODEL\" ] \u0026\u0026 LAB_AGGREGATION_AGENT_MODEL=\"o4-mini\"\n[ -z \"$LAB_AGGREGATION_AGENT_TEMPERATURE\" ] \u0026\u0026 LAB_AGGREGATION_AGENT_TEMPERATURE=\"0.1\"\n[ -z \"$NUTRITION_VISION_MODEL\" ] \u0026\u0026 NUTRITION_VISION_MODEL=\"gpt-4.1-mini\"\n[ -z \"$NUTRITION_AGENT_MODEL\" ] \u0026\u0026 NUTRITION_AGENT_MODEL=\"o4-mini\"\n[ -z \"$VITALS_VISION_MODEL\" ] \u0026\u0026 VITALS_VISION_MODEL=\"gpt-4.1-mini\"\n[ -z \"$VITALS_AGENT_MODEL\" ] \u0026\u0026 VITALS_AGENT_MODEL=\"o4-mini\"\n[ -z \"$PRESCRIPTION_CLINICAL_AGENT_MODEL\" ] \u0026\u0026 PRESCRIPTION_CLINICAL_AGENT_MODEL=\"o4-mini\"\n[ -z \"$PRESCRIPTION_CLINICAL_VISION_MODEL\" ] \u0026\u0026 PRESCRIPTION_CLINICAL_VISION_MODEL=\"gpt-4.1-mini\"\n[ -z \"$PRESCRIPTION_CLINICAL_VISION_MAX_TOKENS\" ] \u0026\u0026 PRESCRIPTION_CLINICAL_VISION_MAX_TOKENS=\"4000\"\n[ -z \"$PHARMACY_AGENT_MODEL\" ] \u0026\u0026 PHARMACY_AGENT_MODEL=\"o4-mini\"\n[ -z \"$PHARMACY_VISION_MODEL\" ] \u0026\u0026 PHARMACY_VISION_MODEL=\"gpt-4.1-mini\"\n\ncat \u003e /opt/zivohealth/.env \u003c\u003cENV\n# Project Information\nPROJECT_NAME=ZivoHealth\nVERSION=0.1.0\nPROJECT_VERSION=0.1.0\nAPI_V1_STR=/api/v1\n\n# Server settings\nSERVER_HOST=0.0.0.0\nSERVER_PORT=8000\nPROCESS_PENDING_ON_STARTUP=false\n\n# Redis\nREDIS_HOST=redis\nREDIS_PORT=6379\nREDIS_DB=0\n\n# Database\nPOSTGRES_SERVER=${DB_HOST}\nPOSTGRES_PORT=5432\nPOSTGRES_DB=${PROJECT}_${ENVIRONMENT}\nPOSTGRES_USER=${DB_USER}\nPOSTGRES_PASSWORD=${DB_PASS}\n\n# Security\nSECRET_KEY=${SECRET_KEY}\nAPP_SECRET_KEY=${APP_SECRET_KEY}\nALGORITHM=HS256\nACCESS_TOKEN_EXPIRE_MINUTES=30\nVALID_API_KEYS=${VALID_API_KEYS}\nREQUIRE_API_KEY=true\n# Default to not requiring HMAC app signature to avoid breaking clients; enable later if needed\nREQUIRE_APP_SIGNATURE=false\n\n# AWS\nAWS_DEFAULT_REGION=us-east-1\nAWS_REGION=us-east-1\nAWS_S3_BUCKET=${S3_BUCKET}\nUSE_S3_UPLOADS=true\n\n# File Uploads\nUPLOADS_S3_PREFIX=\n\n# OCR Configuration\nOCR_PROVIDER=aws_textract\nOCR_TIMEOUT=120\nOCR_MAX_FILE_SIZE=10485760\n\n# CORS\nCORS_ORIGINS=[\"https://app.zivohealth.ai\", \"https://www.zivohealth.ai\", \"https://zivohealth.ai\"]\n\n# WebSocket\nWS_MESSAGE_QUEUE=chat_messages\n\n# Vitals Aggregation\nVITALS_BATCH_SIZE=20000\nVITALS_AGGREGATION_DELAY_BULK=60\nVITALS_AGGREGATION_DELAY_INCREMENTAL=15\n\n# Optional Integrations (populated from SSM if available)\nOPENAI_API_KEY=${OPENAI_API_KEY}\nLANGCHAIN_TRACING_V2=true\nLANGCHAIN_ENDPOINT=${LANGCHAIN_ENDPOINT}\nLANGCHAIN_PROJECT=${LANGCHAIN_PROJECT}\nLANGCHAIN_API_KEY=${LANGCHAIN_API_KEY}\nE2B_API_KEY=${E2B_API_KEY}\nSERPAPI_KEY=${SERPAPI_KEY}\nLIVEKIT_URL=${LIVEKIT_URL}\nLIVEKIT_API_KEY=${LIVEKIT_API_KEY}\nLIVEKIT_API_SECRET=${LIVEKIT_API_SECRET}\n\n# AI Model Configuration\nDEFAULT_AI_MODEL=${DEFAULT_AI_MODEL}\nBASE_AGENT_MODEL=${BASE_AGENT_MODEL}\nBASE_AGENT_TEMPERATURE=${BASE_AGENT_TEMPERATURE}\nLAB_AGENT=${LAB_AGENT}\nLAB_AGENT_TEMPERATURE=${LAB_AGENT_TEMPERATURE}\nCUSTOMER_AGENT_MODEL=${CUSTOMER_AGENT_MODEL}\nCUSTOMER_AGENT_TEMPERATURE=${CUSTOMER_AGENT_TEMPERATURE}\nMEDICAL_DOCTOR_MODEL=${MEDICAL_DOCTOR_MODEL}\nMEDICAL_DOCTOR_TEMPERATURE=${MEDICAL_DOCTOR_TEMPERATURE}\nDOCUMENT_WORKFLOW_MODEL=${DOCUMENT_WORKFLOW_MODEL}\nDOCUMENT_WORKFLOW_TEMPERATURE=${DOCUMENT_WORKFLOW_TEMPERATURE}\nOPENAI_CLIENT_MODEL=${OPENAI_CLIENT_MODEL}\nLAB_AGGREGATION_AGENT_MODEL=${LAB_AGGREGATION_AGENT_MODEL}\nLAB_AGGREGATION_AGENT_TEMPERATURE=${LAB_AGGREGATION_AGENT_TEMPERATURE}\nNUTRITION_VISION_MODEL=${NUTRITION_VISION_MODEL}\nNUTRITION_AGENT_MODEL=${NUTRITION_AGENT_MODEL}\nVITALS_VISION_MODEL=${VITALS_VISION_MODEL}\nVITALS_AGENT_MODEL=${VITALS_AGENT_MODEL}\nPRESCRIPTION_CLINICAL_AGENT_MODEL=${PRESCRIPTION_CLINICAL_AGENT_MODEL}\nPRESCRIPTION_CLINICAL_VISION_MODEL=${PRESCRIPTION_CLINICAL_VISION_MODEL}\nPRESCRIPTION_CLINICAL_VISION_MAX_TOKENS=${PRESCRIPTION_CLINICAL_VISION_MAX_TOKENS}\nPHARMACY_AGENT_MODEL=${PHARMACY_AGENT_MODEL}\nPHARMACY_VISION_MODEL=${PHARMACY_VISION_MODEL}\nENV\n\n# Ensure compose image variables are available from .env as well\necho \"ECR_REPO_URL=474221740916.dkr.ecr.us-east-1.amazonaws.com/zivohealth-dev-backend\" \u003e\u003e /opt/zivohealth/.env\necho \"IMAGE_TAG=latest\" \u003e\u003e /opt/zivohealth/.env\n\n# Prepare static site content for apex/www\nmkdir -p /opt/zivohealth/www\ncat \u003e /opt/zivohealth/www/index.html \u003c\u003c'HTML'\n\nHTML\n\n# Write Caddyfile for automatic HTTPS, with API on api.zivohealth.ai and static apex/www\ncat \u003e /opt/zivohealth/Caddyfile \u003c\u003c'CADDY'\napi.zivohealth.ai {\n  encode zstd gzip\n  reverse_proxy api:8000\n}\n\nzivohealth.ai, www.zivohealth.ai {\n  encode zstd gzip\n  root * /srv/www\n  file_server\n}\nCADDY\n\n# Systemd service\ncat \u003e /etc/systemd/system/zivohealth.service \u003c\u003c'UNIT'\n[Unit]\nDescription=ZivoHealth Docker Compose\nAfter=network.target docker.service\nRequires=docker.service\n\n[Service]\nType=oneshot\nWorkingDirectory=/opt/zivohealth\nEnvironment=ECR_REPO_URL=474221740916.dkr.ecr.us-east-1.amazonaws.com/zivohealth-dev-backend\nEnvironment=IMAGE_TAG=latest\nExecStartPre=/bin/bash -lc '/usr/bin/aws ecr get-login-password --region us-east-1 | /usr/bin/docker login --username AWS --password-stdin $(echo 474221740916.dkr.ecr.us-east-1.amazonaws.com/zivohealth-dev-backend | cut -d\"/\" -f1)'\nExecStartPre=/usr/bin/docker pull public.ecr.aws/docker/library/redis:7-alpine\nExecStart=/usr/bin/docker compose up -d\nRemainAfterExit=yes\n\n[Install]\nWantedBy=multi-user.target\nUNIT\n\nsystemctl daemon-reload\nsystemctl enable --now zivohealth.service\n\n",
            "user_data_base64": null,
            "user_data_replace_on_change": false,
            "volume_tags": null,
            "vpc_security_group_ids": [
              "sg-08a5bbfdc24be9ed1"
            ]
          },
          "sensitive_attributes": [],
          "private": "eyJlMmJmYjczMC1lY2FhLTExZTYtOGY4OC0zNDM2M2JjN2M0YzAiOnsiY3JlYXRlIjo2MDAwMDAwMDAwMDAsImRlbGV0ZSI6MTIwMDAwMDAwMDAwMCwicmVhZCI6OTAwMDAwMDAwMDAwLCJ1cGRhdGUiOjYwMDAwMDAwMDAwMH0sInNjaGVtYV92ZXJzaW9uIjoiMiJ9",
          "dependencies": [
            "module.compute.data.aws_ami.ubuntu",
            "module.ecr.aws_ecr_repository.backend",
            "module.iam.aws_iam_instance_profile.ec2_profile",
            "module.networking.aws_security_group.ec2",
            "module.networking.aws_subnet.public",
            "module.networking.aws_vpc.main",
            "module.ssm.aws_ssm_parameter.image_tag"
          ]
        }
      ]
    },
    {
      "module": "module.compute",
      "mode": "managed",
      "type": "aws_security_group_rule",
      "name": "allow_ssh",
      "provider": "provider[\"registry.terraform.io/hashicorp/aws\"]",
      "instances": [
        {
          "index_key": 0,
          "schema_version": 2,
          "attributes": {
            "cidr_blocks": [
              "0.0.0.0/0"
            ],
            "description": "Allow SSH tunneling from specified CIDRs",
            "from_port": 22,
            "id": "sgrule-3627683917",
            "ipv6_cidr_blocks": null,
            "prefix_list_ids": null,
            "protocol": "tcp",
            "region": "us-east-1",
            "security_group_id": "sg-08a5bbfdc24be9ed1",
            "security_group_rule_id": "sgr-0d51f91be31ce3a1d",
            "self": false,
            "source_security_group_id": null,
            "timeouts": null,
            "to_port": 22,
            "type": "ingress"
          },
          "sensitive_attributes": [],
          "private": "eyJlMmJmYjczMC1lY2FhLTExZTYtOGY4OC0zNDM2M2JjN2M0YzAiOnsiY3JlYXRlIjozMDAwMDAwMDAwMDB9LCJzY2hlbWFfdmVyc2lvbiI6IjIifQ==",
          "dependencies": [
            "module.networking.aws_security_group.ec2",
            "module.networking.aws_vpc.main"
          ]
        }
      ]
    },
    {
      "module": "module.db",
      "mode": "managed",
      "type": "aws_db_instance",
      "name": "postgres",
      "provider": "provider[\"registry.terraform.io/hashicorp/aws\"]",
      "instances": [
        {
          "schema_version": 2,
          "attributes": {
            "address": "zivohealth-dev-postgres.cabauc2kk65l.us-east-1.rds.amazonaws.com",
            "allocated_storage": 20,
            "allow_major_version_upgrade": null,
            "apply_immediately": false,
            "arn": "arn:aws:rds:us-east-1:474221740916:db:zivohealth-dev-postgres",
            "auto_minor_version_upgrade": true,
            "availability_zone": "us-east-1a",
            "backup_retention_period": 0,
            "backup_target": "region",
            "backup_window": "09:47-10:17",
            "blue_green_update": [],
            "ca_cert_identifier": "rds-ca-rsa2048-g1",
            "character_set_name": "",
            "copy_tags_to_snapshot": false,
            "custom_iam_instance_profile": "",
            "customer_owned_ip_enabled": false,
            "database_insights_mode": "standard",
            "db_name": "zivohealth_dev",
            "db_subnet_group_name": "zivohealth-dev-db-subnet",
            "dedicated_log_volume": false,
            "delete_automated_backups": true,
            "deletion_protection": false,
            "domain": "",
            "domain_auth_secret_arn": "",
            "domain_dns_ips": [],
            "domain_fqdn": "",
            "domain_iam_role_name": "",
            "domain_ou": "",
            "enabled_cloudwatch_logs_exports": [],
            "endpoint": "zivohealth-dev-postgres.cabauc2kk65l.us-east-1.rds.amazonaws.com:5432",
            "engine": "postgres",
            "engine_lifecycle_support": "open-source-rds-extended-support",
            "engine_version": "14",
            "engine_version_actual": "14.17",
            "final_snapshot_identifier": null,
            "hosted_zone_id": "Z2R2ITUGPM61AM",
            "iam_database_authentication_enabled": false,
            "id": "db-FIIDKII2FEAXBZOTTGPNK2HKBU",
            "identifier": "zivohealth-dev-postgres",
            "identifier_prefix": "",
            "instance_class": "db.t3.micro",
            "iops": 0,
            "kms_key_id": "",
            "latest_restorable_time": "",
            "license_model": "postgresql-license",
            "listener_endpoint": [],
            "maintenance_window": "fri:04:14-fri:04:44",
            "manage_master_user_password": null,
            "master_user_secret": [],
            "master_user_secret_kms_key_id": null,
            "max_allocated_storage": 0,
            "monitoring_interval": 0,
            "monitoring_role_arn": "",
            "multi_az": false,
            "nchar_character_set_name": "",
            "network_type": "IPV4",
            "option_group_name": "default:postgres-14",
            "parameter_group_name": "default.postgres14",
            "password": "zivo_890",
            "password_wo": null,
            "password_wo_version": null,
            "performance_insights_enabled": false,
            "performance_insights_kms_key_id": "",
            "performance_insights_retention_period": 0,
            "port": 5432,
            "publicly_accessible": false,
            "region": "us-east-1",
            "replica_mode": "",
            "replicas": [],
            "replicate_source_db": "",
            "resource_id": "db-FIIDKII2FEAXBZOTTGPNK2HKBU",
            "restore_to_point_in_time": [],
            "s3_import": [],
            "skip_final_snapshot": true,
            "snapshot_identifier": null,
            "status": "available",
            "storage_encrypted": false,
            "storage_throughput": 0,
            "storage_type": "gp2",
            "tags": {},
            "tags_all": {},
            "timeouts": null,
            "timezone": "",
            "upgrade_storage_config": null,
            "username": "zivo",
            "vpc_security_group_ids": [
              "sg-09f7899176373ad8e"
            ]
          },
          "sensitive_attributes": [],
          "private": "eyJlMmJmYjczMC1lY2FhLTExZTYtOGY4OC0zNDM2M2JjN2M0YzAiOnsiY3JlYXRlIjozMDAwMDAwMDAwMDAwLCJkZWxldGUiOjM2MDAwMDAwMDAwMDAsInVwZGF0ZSI6NDgwMDAwMDAwMDAwMH0sInNjaGVtYV92ZXJzaW9uIjoiMiJ9",
          "dependencies": [
            "module.db.aws_db_subnet_group.db",
            "module.db.aws_security_group.db"
          ]
        }
      ]
    },
    {
      "module": "module.db",
      "mode": "managed",
      "type": "aws_db_subnet_group",
      "name": "db",
      "provider": "provider[\"registry.terraform.io/hashicorp/aws\"]",
      "instances": [
        {
          "schema_version": 0,
          "attributes": {
            "arn": "arn:aws:rds:us-east-1:474221740916:subgrp:zivohealth-dev-db-subnet",
            "description": "Managed by Terraform",
            "id": "zivohealth-dev-db-subnet",
            "name": "zivohealth-dev-db-subnet",
            "name_prefix": "",
            "region": "us-east-1",
            "subnet_ids": [
              "subnet-047b6aa8d34eb21f1",
              "subnet-0729b30b21fb8106b"
            ],
            "supported_network_types": [
              "IPV4"
            ],
            "tags": {},
            "tags_all": {},
            "vpc_id": "vpc-04d23036cd269f2a6"
          },
          "sensitive_attributes": [],
          "private": "bnVsbA==",
          "dependencies": [
            "module.networking.aws_subnet.private",
            "module.networking.aws_vpc.main",
            "module.networking.data.aws_availability_zones.available"
          ]
        }
      ]
    },
    {
      "module": "module.db",
      "mode": "managed",
      "type": "aws_security_group",
      "name": "db",
      "provider": "provider[\"registry.terraform.io/hashicorp/aws\"]",
      "instances": [
        {
          "schema_version": 1,
          "attributes": {
            "arn": "arn:aws:ec2:us-east-1:474221740916:security-group/sg-09f7899176373ad8e",
            "description": "RDS SG",
            "egress": [
              {
                "cidr_blocks": [
                  "0.0.0.0/0"
                ],
                "description": "",
                "from_port": 0,
                "ipv6_cidr_blocks": [],
                "prefix_list_ids": [],
                "protocol": "-1",
                "security_groups": [],
                "self": false,
                "to_port": 0
              }
            ],
            "id": "sg-09f7899176373ad8e",
            "ingress": [
              {
                "cidr_blocks": [],
                "description": "",
                "from_port": 5432,
                "ipv6_cidr_blocks": [],
                "prefix_list_ids": [],
                "protocol": "tcp",
                "security_groups": [
                  "sg-08a5bbfdc24be9ed1"
                ],
                "self": false,
                "to_port": 5432
              }
            ],
            "name": "zivohealth-dev-db-sg",
            "name_prefix": "",
            "owner_id": "474221740916",
            "region": "us-east-1",
            "revoke_rules_on_delete": false,
            "tags": {},
            "tags_all": {},
            "timeouts": null,
            "vpc_id": "vpc-04d23036cd269f2a6"
          },
          "sensitive_attributes": [],
          "private": "eyJlMmJmYjczMC1lY2FhLTExZTYtOGY4OC0zNDM2M2JjN2M0YzAiOnsiY3JlYXRlIjo2MDAwMDAwMDAwMDAsImRlbGV0ZSI6OTAwMDAwMDAwMDAwfSwic2NoZW1hX3ZlcnNpb24iOiIxIn0=",
          "dependencies": [
            "module.networking.aws_security_group.ec2",
            "module.networking.aws_vpc.main"
          ]
        }
      ]
    },
    {
      "module": "module.ecr",
      "mode": "managed",
      "type": "aws_ecr_repository",
      "name": "backend",
      "provider": "provider[\"registry.terraform.io/hashicorp/aws\"]",
      "instances": [
        {
          "schema_version": 0,
          "attributes": {
            "arn": "arn:aws:ecr:us-east-1:474221740916:repository/zivohealth-dev-backend",
            "encryption_configuration": [
              {
                "encryption_type": "AES256",
                "kms_key": ""
              }
            ],
            "force_delete": null,
            "id": "zivohealth-dev-backend",
            "image_scanning_configuration": [
              {
                "scan_on_push": true
              }
            ],
            "image_tag_mutability": "MUTABLE",
            "image_tag_mutability_exclusion_filter": [],
            "name": "zivohealth-dev-backend",
            "region": "us-east-1",
            "registry_id": "474221740916",
            "repository_url": "474221740916.dkr.ecr.us-east-1.amazonaws.com/zivohealth-dev-backend",
            "tags": {},
            "tags_all": {},
            "timeouts": null
          },
          "sensitive_attributes": [],
          "private": "eyJlMmJmYjczMC1lY2FhLTExZTYtOGY4OC0zNDM2M2JjN2M0YzAiOnsiZGVsZXRlIjoxMjAwMDAwMDAwMDAwfX0="
        }
      ]
    },
    {
      "module": "module.iam",
      "mode": "data",
      "type": "aws_iam_policy_document",
      "name": "assume_role",
      "provider": "provider[\"registry.terraform.io/hashicorp/aws\"]",
      "instances": [
        {
          "schema_version": 0,
          "attributes": {
            "id": "2851119427",
            "json": "{\n  \"Version\": \"2012-10-17\",\n  \"Statement\": [\n    {\n      \"Effect\": \"Allow\",\n      \"Action\": \"sts:AssumeRole\",\n      \"Principal\": {\n        \"Service\": \"ec2.amazonaws.com\"\n      }\n    }\n  ]\n}",
            "minified_json": "{\"Version\":\"2012-10-17\",\"Statement\":[{\"Effect\":\"Allow\",\"Action\":\"sts:AssumeRole\",\"Principal\":{\"Service\":\"ec2.amazonaws.com\"}}]}",
            "override_json": null,
            "override_policy_documents": null,
            "policy_id": null,
            "source_json": null,
            "source_policy_documents": null,
            "statement": [
              {
                "actions": [
                  "sts:AssumeRole"
                ],
                "condition": [],
                "effect": "Allow",
                "not_actions": [],
                "not_principals": [],
                "not_resources": [],
                "principals": [
                  {
                    "identifiers": [
                      "ec2.amazonaws.com"
                    ],
                    "type": "Service"
                  }
                ],
                "resources": [],
                "sid": ""
              }
            ],
            "version": "2012-10-17"
          },
          "sensitive_attributes": []
        }
      ]
    },
    {
      "module": "module.iam",
      "mode": "managed",
      "type": "aws_iam_instance_profile",
      "name": "ec2_profile",
      "provider": "provider[\"registry.terraform.io/hashicorp/aws\"]",
      "instances": [
        {
          "schema_version": 0,
          "attributes": {
            "arn": "arn:aws:iam::474221740916:instance-profile/zivohealth-dev-ec2-profile",
            "create_date": "2025-08-20T07:18:18Z",
            "id": "zivohealth-dev-ec2-profile",
            "name": "zivohealth-dev-ec2-profile",
            "name_prefix": "",
            "path": "/",
            "role": "zivohealth-dev-ec2-role",
            "tags": {},
            "tags_all": {},
            "unique_id": "AIPAW42ORQN2N3T2EAT35"
          },
          "sensitive_attributes": [],
          "private": "bnVsbA==",
          "dependencies": [
            "module.iam.aws_iam_role.ec2_role",
            "module.iam.data.aws_iam_policy_document.assume_role"
          ]
        }
      ]
    },
    {
      "module": "module.iam",
      "mode": "managed",
      "type": "aws_iam_role",
      "name": "ec2_role",
      "provider": "provider[\"registry.terraform.io/hashicorp/aws\"]",
      "instances": [
        {
          "schema_version": 0,
          "attributes": {
            "arn": "arn:aws:iam::474221740916:role/zivohealth-dev-ec2-role",
            "assume_role_policy": "{\"Statement\":[{\"Action\":\"sts:AssumeRole\",\"Effect\":\"Allow\",\"Principal\":{\"Service\":\"ec2.amazonaws.com\"}}],\"Version\":\"2012-10-17\"}",
            "create_date": "2025-08-20T07:18:16Z",
            "description": "",
            "force_detach_policies": false,
            "id": "zivohealth-dev-ec2-role",
            "inline_policy": [
              {
                "name": "zivohealth-dev-s3-textract",
                "policy": "{\"Version\":\"2012-10-17\",\"Statement\":[{\"Action\":[\"s3:*\"],\"Effect\":\"Allow\",\"Resource\":[\"arn:aws:s3:::zivohealth-data\",\"arn:aws:s3:::zivohealth-data/*\"]},{\"Action\":[\"textract:StartDocumentTextDetection\",\"textract:GetDocumentTextDetection\",\"textract:StartDocumentAnalysis\",\"textract:GetDocumentAnalysis\"],\"Effect\":\"Allow\",\"Resource\":\"*\"}]}"
              },
              {
                "name": "zivohealth-dev-ssm-params-read",
                "policy": "{\"Version\":\"2012-10-17\",\"Statement\":[{\"Action\":[\"ssm:GetParameter\",\"ssm:GetParameters\",\"ssm:GetParameterHistory\"],\"Effect\":\"Allow\",\"Resource\":[\"arn:aws:ssm:*:*:parameter/zivohealth/dev/*\"]}]}"
              }
            ],
            "managed_policy_arns": [
              "arn:aws:iam::aws:policy/AmazonEC2ContainerRegistryReadOnly",
              "arn:aws:iam::aws:policy/AmazonSSMManagedInstanceCore"
            ],
            "max_session_duration": 3600,
            "name": "zivohealth-dev-ec2-role",
            "name_prefix": "",
            "path": "/",
            "permissions_boundary": "",
            "tags": {},
            "tags_all": {},
            "unique_id": "AROAW42ORQN2MYI2T4MTQ"
          },
          "sensitive_attributes": [],
          "private": "bnVsbA==",
          "dependencies": [
            "module.iam.data.aws_iam_policy_document.assume_role"
          ]
        }
      ]
    },
    {
      "module": "module.iam",
      "mode": "managed",
      "type": "aws_iam_role_policy",
      "name": "s3_textract_inline",
      "provider": "provider[\"registry.terraform.io/hashicorp/aws\"]",
      "instances": [
        {
          "schema_version": 0,
          "attributes": {
            "id": "zivohealth-dev-ec2-role:zivohealth-dev-s3-textract",
            "name": "zivohealth-dev-s3-textract",
            "name_prefix": "",
            "policy": "{\"Version\":\"2012-10-17\",\"Statement\":[{\"Action\":[\"s3:*\"],\"Effect\":\"Allow\",\"Resource\":[\"arn:aws:s3:::zivohealth-data\",\"arn:aws:s3:::zivohealth-data/*\"]},{\"Action\":[\"textract:StartDocumentTextDetection\",\"textract:GetDocumentTextDetection\",\"textract:StartDocumentAnalysis\",\"textract:GetDocumentAnalysis\"],\"Effect\":\"Allow\",\"Resource\":\"*\"}]}",
            "role": "zivohealth-dev-ec2-role"
          },
          "sensitive_attributes": [],
          "private": "bnVsbA==",
          "dependencies": [
            "module.iam.aws_iam_role.ec2_role",
            "module.iam.data.aws_iam_policy_document.assume_role",
            "module.storage.aws_s3_bucket.uploads",
            "module.storage.random_id.suffix"
          ]
        }
      ]
    },
    {
      "module": "module.iam",
      "mode": "managed",
      "type": "aws_iam_role_policy",
      "name": "ssm_params_read",
      "provider": "provider[\"registry.terraform.io/hashicorp/aws\"]",
      "instances": [
        {
          "schema_version": 0,
          "attributes": {
            "id": "zivohealth-dev-ec2-role:zivohealth-dev-ssm-params-read",
            "name": "zivohealth-dev-ssm-params-read",
            "name_prefix": "",
            "policy": "{\"Version\":\"2012-10-17\",\"Statement\":[{\"Action\":[\"ssm:GetParameter\",\"ssm:GetParameters\",\"ssm:GetParameterHistory\"],\"Effect\":\"Allow\",\"Resource\":[\"arn:aws:ssm:*:*:parameter/zivohealth/dev/*\"]}]}",
            "role": "zivohealth-dev-ec2-role"
          },
          "sensitive_attributes": [],
          "private": "bnVsbA==",
          "dependencies": [
            "module.iam.aws_iam_role.ec2_role",
            "module.iam.data.aws_iam_policy_document.assume_role"
          ]
        }
      ]
    },
    {
      "module": "module.iam",
      "mode": "managed",
      "type": "aws_iam_role_policy_attachment",
      "name": "ecr_read",
      "provider": "provider[\"registry.terraform.io/hashicorp/aws\"]",
      "instances": [
        {
          "schema_version": 0,
          "attributes": {
            "id": "zivohealth-dev-ec2-role/arn:aws:iam::aws:policy/AmazonEC2ContainerRegistryReadOnly",
            "policy_arn": "arn:aws:iam::aws:policy/AmazonEC2ContainerRegistryReadOnly",
            "role": "zivohealth-dev-ec2-role"
          },
          "sensitive_attributes": [],
          "private": "bnVsbA==",
          "dependencies": [
            "module.iam.aws_iam_role.ec2_role",
            "module.iam.data.aws_iam_policy_document.assume_role"
          ]
        }
      ]
    },
    {
      "module": "module.iam",
      "mode": "managed",
      "type": "aws_iam_role_policy_attachment",
      "name": "ssm_core",
      "provider": "provider[\"registry.terraform.io/hashicorp/aws\"]",
      "instances": [
        {
          "schema_version": 0,
          "attributes": {
            "id": "zivohealth-dev-ec2-role/arn:aws:iam::aws:policy/AmazonSSMManagedInstanceCore",
            "policy_arn": "arn:aws:iam::aws:policy/AmazonSSMManagedInstanceCore",
            "role": "zivohealth-dev-ec2-role"
          },
          "sensitive_attributes": [],
          "private": "bnVsbA==",
          "dependencies": [
            "module.iam.aws_iam_role.ec2_role",
            "module.iam.data.aws_iam_policy_document.assume_role"
          ]
        }
      ]
    },
    {
      "module": "module.networking",
      "mode": "data",
      "type": "aws_availability_zones",
      "name": "available",
      "provider": "provider[\"registry.terraform.io/hashicorp/aws\"]",
      "instances": [
        {
          "schema_version": 0,
          "attributes": {
            "all_availability_zones": null,
            "exclude_names": null,
            "exclude_zone_ids": null,
            "filter": null,
            "group_names": [
              "us-east-1-zg-1"
            ],
            "id": "us-east-1",
            "names": [
              "us-east-1a",
              "us-east-1b",
              "us-east-1c",
              "us-east-1d",
              "us-east-1e",
              "us-east-1f"
            ],
            "region": "us-east-1",
            "state": "available",
            "timeouts": null,
            "zone_ids": [
              "use1-az4",
              "use1-az6",
              "use1-az1",
              "use1-az2",
              "use1-az3",
              "use1-az5"
            ]
          },
          "sensitive_attributes": []
        }
      ]
    },
    {
      "module": "module.networking",
      "mode": "managed",
      "type": "aws_internet_gateway",
      "name": "igw",
      "provider": "provider[\"registry.terraform.io/hashicorp/aws\"]",
      "instances": [
        {
          "schema_version": 0,
          "attributes": {
            "arn": "arn:aws:ec2:us-east-1:474221740916:internet-gateway/igw-09f3f61ae44e3547f",
            "id": "igw-09f3f61ae44e3547f",
            "owner_id": "474221740916",
            "region": "us-east-1",
            "tags": {
              "Name": "zivohealth-dev-igw"
            },
            "tags_all": {
              "Name": "zivohealth-dev-igw"
            },
            "timeouts": null,
            "vpc_id": "vpc-04d23036cd269f2a6"
          },
          "sensitive_attributes": [],
          "private": "eyJlMmJmYjczMC1lY2FhLTExZTYtOGY4OC0zNDM2M2JjN2M0YzAiOnsiY3JlYXRlIjoxMjAwMDAwMDAwMDAwLCJkZWxldGUiOjEyMDAwMDAwMDAwMDAsInVwZGF0ZSI6MTIwMDAwMDAwMDAwMH19",
          "dependencies": [
            "module.networking.aws_vpc.main"
          ]
        }
      ]
    },
    {
      "module": "module.networking",
      "mode": "managed",
      "type": "aws_route_table",
      "name": "public",
      "provider": "provider[\"registry.terraform.io/hashicorp/aws\"]",
      "instances": [
        {
          "schema_version": 0,
          "attributes": {
            "arn": "arn:aws:ec2:us-east-1:474221740916:route-table/rtb-0ffe65cd558d4e45d",
            "id": "rtb-0ffe65cd558d4e45d",
            "owner_id": "474221740916",
            "propagating_vgws": [],
            "region": "us-east-1",
            "route": [
              {
                "carrier_gateway_id": "",
                "cidr_block": "0.0.0.0/0",
                "core_network_arn": "",
                "destination_prefix_list_id": "",
                "egress_only_gateway_id": "",
                "gateway_id": "igw-09f3f61ae44e3547f",
                "ipv6_cidr_block": "",
                "local_gateway_id": "",
                "nat_gateway_id": "",
                "network_interface_id": "",
                "transit_gateway_id": "",
                "vpc_endpoint_id": "",
                "vpc_peering_connection_id": ""
              }
            ],
            "tags": {
              "Name": "zivohealth-dev-public-rt"
            },
            "tags_all": {
              "Name": "zivohealth-dev-public-rt"
            },
            "timeouts": null,
            "vpc_id": "vpc-04d23036cd269f2a6"
          },
          "sensitive_attributes": [],
          "private": "eyJlMmJmYjczMC1lY2FhLTExZTYtOGY4OC0zNDM2M2JjN2M0YzAiOnsiY3JlYXRlIjozMDAwMDAwMDAwMDAsImRlbGV0ZSI6MzAwMDAwMDAwMDAwLCJ1cGRhdGUiOjEyMDAwMDAwMDAwMH19",
          "dependencies": [
            "module.networking.aws_internet_gateway.igw",
            "module.networking.aws_vpc.main"
          ]
        }
      ]
    },
    {
      "module": "module.networking",
      "mode": "managed",
      "type": "aws_route_table_association",
      "name": "public",
      "provider": "provider[\"registry.terraform.io/hashicorp/aws\"]",
      "instances": [
        {
          "index_key": 0,
          "schema_version": 0,
          "attributes": {
            "gateway_id": "",
            "id": "rtbassoc-093a14977418220c5",
            "region": "us-east-1",
            "route_table_id": "rtb-0ffe65cd558d4e45d",
            "subnet_id": "subnet-05e7e67617b6f1879",
            "timeouts": null
          },
          "sensitive_attributes": [],
          "private": "eyJlMmJmYjczMC1lY2FhLTExZTYtOGY4OC0zNDM2M2JjN2M0YzAiOnsiY3JlYXRlIjozMDAwMDAwMDAwMDAsImRlbGV0ZSI6MzAwMDAwMDAwMDAwLCJ1cGRhdGUiOjEyMDAwMDAwMDAwMH19",
          "dependencies": [
            "module.networking.aws_internet_gateway.igw",
            "module.networking.aws_route_table.public",
            "module.networking.aws_subnet.public",
            "module.networking.aws_vpc.main",
            "module.networking.data.aws_availability_zones.available"
          ]
        },
        {
          "index_key": 1,
          "schema_version": 0,
          "attributes": {
            "gateway_id": "",
            "id": "rtbassoc-0acbd0bab8fdee6fb",
            "region": "us-east-1",
            "route_table_id": "rtb-0ffe65cd558d4e45d",
            "subnet_id": "subnet-0c351c259838dc05c",
            "timeouts": null
          },
          "sensitive_attributes": [],
          "private": "eyJlMmJmYjczMC1lY2FhLTExZTYtOGY4OC0zNDM2M2JjN2M0YzAiOnsiY3JlYXRlIjozMDAwMDAwMDAwMDAsImRlbGV0ZSI6MzAwMDAwMDAwMDAwLCJ1cGRhdGUiOjEyMDAwMDAwMDAwMH19",
          "dependencies": [
            "module.networking.aws_internet_gateway.igw",
            "module.networking.aws_route_table.public",
            "module.networking.aws_subnet.public",
            "module.networking.aws_vpc.main",
            "module.networking.data.aws_availability_zones.available"
          ]
        }
      ]
    },
    {
      "module": "module.networking",
      "mode": "managed",
      "type": "aws_security_group",
      "name": "ec2",
      "provider": "provider[\"registry.terraform.io/hashicorp/aws\"]",
      "instances": [
        {
          "schema_version": 1,
          "attributes": {
            "arn": "arn:aws:ec2:us-east-1:474221740916:security-group/sg-08a5bbfdc24be9ed1",
            "description": "SG for EC2 host",
            "egress": [
              {
                "cidr_blocks": [
                  "0.0.0.0/0"
                ],
                "description": "",
                "from_port": 0,
                "ipv6_cidr_blocks": [],
                "prefix_list_ids": [],
                "protocol": "-1",
                "security_groups": [],
                "self": false,
                "to_port": 0
              }
            ],
            "id": "sg-08a5bbfdc24be9ed1",
            "ingress": [
              {
                "cidr_blocks": [
                  "0.0.0.0/0"
                ],
                "description": null,
                "from_port": 443,
                "ipv6_cidr_blocks": [],
                "prefix_list_ids": [],
                "protocol": "tcp",
                "security_groups": [],
                "self": false,
                "to_port": 443
              },
              {
                "cidr_blocks": [
                  "0.0.0.0/0"
                ],
                "description": null,
                "from_port": 80,
                "ipv6_cidr_blocks": [],
                "prefix_list_ids": [],
                "protocol": "tcp",
                "security_groups": [],
                "self": false,
                "to_port": 80
              }
            ],
            "name": "zivohealth-dev-ec2-sg",
            "name_prefix": "",
            "owner_id": "474221740916",
            "region": "us-east-1",
            "revoke_rules_on_delete": false,
            "tags": {
              "Name": "zivohealth-dev-ec2-sg"
            },
            "tags_all": {
              "Name": "zivohealth-dev-ec2-sg"
            },
            "timeouts": null,
            "vpc_id": "vpc-04d23036cd269f2a6"
          },
          "sensitive_attributes": [],
          "private": "eyJlMmJmYjczMC1lY2FhLTExZTYtOGY4OC0zNDM2M2JjN2M0YzAiOnsiY3JlYXRlIjo2MDAwMDAwMDAwMDAsImRlbGV0ZSI6OTAwMDAwMDAwMDAwfSwic2NoZW1hX3ZlcnNpb24iOiIxIn0=",
          "dependencies": [
            "module.networking.aws_vpc.main"
          ]
        }
      ]
    },
    {
      "module": "module.networking",
      "mode": "managed",
      "type": "aws_subnet",
      "name": "private",
      "provider": "provider[\"registry.terraform.io/hashicorp/aws\"]",
      "instances": [
        {
          "index_key": 0,
          "schema_version": 1,
          "attributes": {
            "arn": "arn:aws:ec2:us-east-1:474221740916:subnet/subnet-0729b30b21fb8106b",
            "assign_ipv6_address_on_creation": false,
            "availability_zone": "us-east-1a",
            "availability_zone_id": "use1-az4",
            "cidr_block": "10.20.128.0/20",
            "customer_owned_ipv4_pool": "",
            "enable_dns64": false,
            "enable_lni_at_device_index": 0,
            "enable_resource_name_dns_a_record_on_launch": false,
            "enable_resource_name_dns_aaaa_record_on_launch": false,
            "id": "subnet-0729b30b21fb8106b",
            "ipv6_cidr_block": "",
            "ipv6_cidr_block_association_id": "",
            "ipv6_native": false,
            "map_customer_owned_ip_on_launch": false,
            "map_public_ip_on_launch": false,
            "outpost_arn": "",
            "owner_id": "474221740916",
            "private_dns_hostname_type_on_launch": "ip-name",
            "region": "us-east-1",
            "tags": {
              "Name": "zivohealth-dev-private-0"
            },
            "tags_all": {
              "Name": "zivohealth-dev-private-0"
            },
            "timeouts": null,
            "vpc_id": "vpc-04d23036cd269f2a6"
          },
          "sensitive_attributes": [],
          "private": "eyJlMmJmYjczMC1lY2FhLTExZTYtOGY4OC0zNDM2M2JjN2M0YzAiOnsiY3JlYXRlIjo2MDAwMDAwMDAwMDAsImRlbGV0ZSI6MTIwMDAwMDAwMDAwMH0sInNjaGVtYV92ZXJzaW9uIjoiMSJ9",
          "dependencies": [
            "module.networking.aws_vpc.main",
            "module.networking.data.aws_availability_zones.available"
          ]
        },
        {
          "index_key": 1,
          "schema_version": 1,
          "attributes": {
            "arn": "arn:aws:ec2:us-east-1:474221740916:subnet/subnet-047b6aa8d34eb21f1",
            "assign_ipv6_address_on_creation": false,
            "availability_zone": "us-east-1b",
            "availability_zone_id": "use1-az6",
            "cidr_block": "10.20.144.0/20",
            "customer_owned_ipv4_pool": "",
            "enable_dns64": false,
            "enable_lni_at_device_index": 0,
            "enable_resource_name_dns_a_record_on_launch": false,
            "enable_resource_name_dns_aaaa_record_on_launch": false,
            "id": "subnet-047b6aa8d34eb21f1",
            "ipv6_cidr_block": "",
            "ipv6_cidr_block_association_id": "",
            "ipv6_native": false,
            "map_customer_owned_ip_on_launch": false,
            "map_public_ip_on_launch": false,
            "outpost_arn": "",
            "owner_id": "474221740916",
            "private_dns_hostname_type_on_launch": "ip-name",
            "region": "us-east-1",
            "tags": {
              "Name": "zivohealth-dev-private-1"
            },
            "tags_all": {
              "Name": "zivohealth-dev-private-1"
            },
            "timeouts": null,
            "vpc_id": "vpc-04d23036cd269f2a6"
          },
          "sensitive_attributes": [],
          "private": "eyJlMmJmYjczMC1lY2FhLTExZTYtOGY4OC0zNDM2M2JjN2M0YzAiOnsiY3JlYXRlIjo2MDAwMDAwMDAwMDAsImRlbGV0ZSI6MTIwMDAwMDAwMDAwMH0sInNjaGVtYV92ZXJzaW9uIjoiMSJ9",
          "dependencies": [
            "module.networking.aws_vpc.main",
            "module.networking.data.aws_availability_zones.available"
          ]
        }
      ]
    },
    {
      "module": "module.networking",
      "mode": "managed",
      "type": "aws_subnet",
      "name": "public",
      "provider": "provider[\"registry.terraform.io/hashicorp/aws\"]",
      "instances": [
        {
          "index_key": 0,
          "schema_version": 1,
          "attributes": {
            "arn": "arn:aws:ec2:us-east-1:474221740916:subnet/subnet-05e7e67617b6f1879",
            "assign_ipv6_address_on_creation": false,
            "availability_zone": "us-east-1a",
            "availability_zone_id": "use1-az4",
            "cidr_block": "10.20.0.0/20",
            "customer_owned_ipv4_pool": "",
            "enable_dns64": false,
            "enable_lni_at_device_index": 0,
            "enable_resource_name_dns_a_record_on_launch": false,
            "enable_resource_name_dns_aaaa_record_on_launch": false,
            "id": "subnet-05e7e67617b6f1879",
            "ipv6_cidr_block": "",
            "ipv6_cidr_block_association_id": "",
            "ipv6_native": false,
            "map_customer_owned_ip_on_launch": false,
            "map_public_ip_on_launch": true,
            "outpost_arn": "",
            "owner_id": "474221740916",
            "private_dns_hostname_type_on_launch": "ip-name",
            "region": "us-east-1",
            "tags": {
              "Name": "zivohealth-dev-public-0"
            },
            "tags_all": {
              "Name": "zivohealth-dev-public-0"
            },
            "timeouts": null,
            "vpc_id": "vpc-04d23036cd269f2a6"
          },
          "sensitive_attributes": [],
          "private": "eyJlMmJmYjczMC1lY2FhLTExZTYtOGY4OC0zNDM2M2JjN2M0YzAiOnsiY3JlYXRlIjo2MDAwMDAwMDAwMDAsImRlbGV0ZSI6MTIwMDAwMDAwMDAwMH0sInNjaGVtYV92ZXJzaW9uIjoiMSJ9",
          "dependencies": [
            "module.networking.aws_vpc.main",
            "module.networking.data.aws_availability_zones.available"
          ]
        },
        {
          "index_key": 1,
          "schema_version": 1,
          "attributes": {
            "arn": "arn:aws:ec2:us-east-1:474221740916:subnet/subnet-0c351c259838dc05c",
            "assign_ipv6_address_on_creation": false,
            "availability_zone": "us-east-1b",
            "availability_zone_id": "use1-az6",
            "cidr_block": "10.20.16.0/20",
            "customer_owned_ipv4_pool": "",
            "enable_dns64": false,
            "enable_lni_at_device_index": 0,
            "enable_resource_name_dns_a_record_on_launch": false,
            "enable_resource_name_dns_aaaa_record_on_launch": false,
            "id": "subnet-0c351c259838dc05c",
            "ipv6_cidr_block": "",
            "ipv6_cidr_block_association_id": "",
            "ipv6_native": false,
            "map_customer_owned_ip_on_launch": false,
            "map_public_ip_on_launch": true,
            "outpost_arn": "",
            "owner_id": "474221740916",
            "private_dns_hostname_type_on_launch": "ip-name",
            "region": "us-east-1",
            "tags": {
              "Name": "zivohealth-dev-public-1"
            },
            "tags_all": {
              "Name": "zivohealth-dev-public-1"
            },
            "timeouts": null,
            "vpc_id": "vpc-04d23036cd269f2a6"
          },
          "sensitive_attributes": [],
          "private": "eyJlMmJmYjczMC1lY2FhLTExZTYtOGY4OC0zNDM2M2JjN2M0YzAiOnsiY3JlYXRlIjo2MDAwMDAwMDAwMDAsImRlbGV0ZSI6MTIwMDAwMDAwMDAwMH0sInNjaGVtYV92ZXJzaW9uIjoiMSJ9",
          "dependencies": [
            "module.networking.aws_vpc.main",
            "module.networking.data.aws_availability_zones.available"
          ]
        }
      ]
    },
    {
      "module": "module.networking",
      "mode": "managed",
      "type": "aws_vpc",
      "name": "main",
      "provider": "provider[\"registry.terraform.io/hashicorp/aws\"]",
      "instances": [
        {
          "schema_version": 1,
          "attributes": {
            "arn": "arn:aws:ec2:us-east-1:474221740916:vpc/vpc-04d23036cd269f2a6",
            "assign_generated_ipv6_cidr_block": false,
            "cidr_block": "10.20.0.0/16",
            "default_network_acl_id": "acl-040a6065b710212f3",
            "default_route_table_id": "rtb-0aa699b3e9055a447",
            "default_security_group_id": "sg-08d5587b376d39164",
            "dhcp_options_id": "dopt-0c4494478aa27c1ce",
            "enable_dns_hostnames": true,
            "enable_dns_support": true,
            "enable_network_address_usage_metrics": false,
            "id": "vpc-04d23036cd269f2a6",
            "instance_tenancy": "default",
            "ipv4_ipam_pool_id": null,
            "ipv4_netmask_length": null,
            "ipv6_association_id": "",
            "ipv6_cidr_block": "",
            "ipv6_cidr_block_network_border_group": "",
            "ipv6_ipam_pool_id": "",
            "ipv6_netmask_length": 0,
            "main_route_table_id": "rtb-0aa699b3e9055a447",
            "owner_id": "474221740916",
            "region": "us-east-1",
            "tags": {
              "Name": "zivohealth-dev-vpc"
            },
            "tags_all": {
              "Name": "zivohealth-dev-vpc"
            }
          },
          "sensitive_attributes": [],
          "private": "eyJzY2hlbWFfdmVyc2lvbiI6IjEifQ=="
        }
      ]
    },
    {
      "module": "module.route53",
      "mode": "managed",
      "type": "aws_route53_record",
      "name": "api_a",
      "provider": "provider[\"registry.terraform.io/hashicorp/aws\"]",
      "instances": [
        {
          "schema_version": 2,
          "attributes": {
            "alias": [],
            "allow_overwrite": null,
            "cidr_routing_policy": [],
            "failover_routing_policy": [],
            "fqdn": "api.zivohealth.ai",
            "geolocation_routing_policy": [],
            "geoproximity_routing_policy": [],
            "health_check_id": "",
            "id": "Z0672412N591K8EBLE43_api.zivohealth.ai_A",
            "latency_routing_policy": [],
            "multivalue_answer_routing_policy": false,
            "name": "api.zivohealth.ai",
            "records": [
              "54.196.141.113"
            ],
            "set_identifier": "",
            "timeouts": null,
            "ttl": 60,
            "type": "A",
            "weighted_routing_policy": [],
            "zone_id": "Z0672412N591K8EBLE43"
          },
          "sensitive_attributes": [],
          "private": "eyJlMmJmYjczMC1lY2FhLTExZTYtOGY4OC0zNDM2M2JjN2M0YzAiOnsiY3JlYXRlIjoxODAwMDAwMDAwMDAwLCJkZWxldGUiOjE4MDAwMDAwMDAwMDAsInVwZGF0ZSI6MTgwMDAwMDAwMDAwMH0sInNjaGVtYV92ZXJzaW9uIjoiMiJ9",
          "dependencies": [
            "module.compute.aws_instance.host",
            "module.compute.data.aws_ami.ubuntu",
            "module.ecr.aws_ecr_repository.backend",
            "module.iam.aws_iam_instance_profile.ec2_profile",
            "module.networking.aws_security_group.ec2",
            "module.networking.aws_subnet.public",
            "module.networking.aws_vpc.main",
            "module.route53.aws_route53_zone.zone",
            "module.ssm.aws_ssm_parameter.image_tag"
          ]
        }
      ]
    },
    {
      "module": "module.route53",
      "mode": "managed",
      "type": "aws_route53_record",
      "name": "root_a",
      "provider": "provider[\"registry.terraform.io/hashicorp/aws\"]",
      "instances": [
        {
          "schema_version": 2,
          "attributes": {
            "alias": [],
            "allow_overwrite": null,
            "cidr_routing_policy": [],
            "failover_routing_policy": [],
            "fqdn": "zivohealth.ai",
            "geolocation_routing_policy": [],
            "geoproximity_routing_policy": [],
            "health_check_id": "",
            "id": "Z0672412N591K8EBLE43_zivohealth.ai_A",
            "latency_routing_policy": [],
            "multivalue_answer_routing_policy": false,
            "name": "zivohealth.ai",
            "records": [
              "54.196.141.113"
            ],
            "set_identifier": "",
            "timeouts": null,
            "ttl": 60,
            "type": "A",
            "weighted_routing_policy": [],
            "zone_id": "Z0672412N591K8EBLE43"
          },
          "sensitive_attributes": [],
          "private": "eyJlMmJmYjczMC1lY2FhLTExZTYtOGY4OC0zNDM2M2JjN2M0YzAiOnsiY3JlYXRlIjoxODAwMDAwMDAwMDAwLCJkZWxldGUiOjE4MDAwMDAwMDAwMDAsInVwZGF0ZSI6MTgwMDAwMDAwMDAwMH0sInNjaGVtYV92ZXJzaW9uIjoiMiJ9",
          "dependencies": [
            "module.compute.aws_instance.host",
            "module.compute.data.aws_ami.ubuntu",
            "module.ecr.aws_ecr_repository.backend",
            "module.iam.aws_iam_instance_profile.ec2_profile",
            "module.networking.aws_security_group.ec2",
            "module.networking.aws_subnet.public",
            "module.networking.aws_vpc.main",
            "module.route53.aws_route53_zone.zone",
            "module.ssm.aws_ssm_parameter.image_tag"
          ]
        }
      ]
    },
    {
      "module": "module.route53",
      "mode": "managed",
      "type": "aws_route53_record",
      "name": "www_a",
      "provider": "provider[\"registry.terraform.io/hashicorp/aws\"]",
      "instances": [
        {
          "index_key": 0,
          "schema_version": 2,
          "attributes": {
            "alias": [],
            "allow_overwrite": null,
            "cidr_routing_policy": [],
            "failover_routing_policy": [],
            "fqdn": "www.zivohealth.ai",
            "geolocation_routing_policy": [],
            "geoproximity_routing_policy": [],
            "health_check_id": "",
            "id": "Z0672412N591K8EBLE43_www.zivohealth.ai_A",
            "latency_routing_policy": [],
            "multivalue_answer_routing_policy": false,
            "name": "www.zivohealth.ai",
            "records": [
              "54.196.141.113"
            ],
            "set_identifier": "",
            "timeouts": null,
            "ttl": 60,
            "type": "A",
            "weighted_routing_policy": [],
            "zone_id": "Z0672412N591K8EBLE43"
          },
          "sensitive_attributes": [],
          "private": "eyJlMmJmYjczMC1lY2FhLTExZTYtOGY4OC0zNDM2M2JjN2M0YzAiOnsiY3JlYXRlIjoxODAwMDAwMDAwMDAwLCJkZWxldGUiOjE4MDAwMDAwMDAwMDAsInVwZGF0ZSI6MTgwMDAwMDAwMDAwMH0sInNjaGVtYV92ZXJzaW9uIjoiMiJ9",
          "dependencies": [
            "module.compute.aws_instance.host",
            "module.compute.data.aws_ami.ubuntu",
            "module.ecr.aws_ecr_repository.backend",
            "module.iam.aws_iam_instance_profile.ec2_profile",
            "module.networking.aws_security_group.ec2",
            "module.networking.aws_subnet.public",
            "module.networking.aws_vpc.main",
            "module.route53.aws_route53_zone.zone",
            "module.ssm.aws_ssm_parameter.image_tag"
          ]
        }
      ]
    },
    {
      "module": "module.route53",
      "mode": "managed",
      "type": "aws_route53_zone",
      "name": "zone",
      "provider": "provider[\"registry.terraform.io/hashicorp/aws\"]",
      "instances": [
        {
          "schema_version": 0,
          "attributes": {
            "arn": "arn:aws:route53:::hostedzone/Z0672412N591K8EBLE43",
            "comment": "Managed by Terraform",
            "delegation_set_id": "",
            "force_destroy": false,
            "id": "Z0672412N591K8EBLE43",
            "name": "zivohealth.ai",
            "name_servers": [
              "ns-1197.awsdns-21.org",
              "ns-1939.awsdns-50.co.uk",
              "ns-696.awsdns-23.net",
              "ns-91.awsdns-11.com"
            ],
            "primary_name_server": "ns-1197.awsdns-21.org",
            "tags": {},
            "tags_all": {},
            "timeouts": null,
            "vpc": [],
            "zone_id": "Z0672412N591K8EBLE43"
          },
          "sensitive_attributes": [],
          "private": "eyJlMmJmYjczMC1lY2FhLTExZTYtOGY4OC0zNDM2M2JjN2M0YzAiOnsiY3JlYXRlIjoxODAwMDAwMDAwMDAwLCJkZWxldGUiOjE4MDAwMDAwMDAwMDAsInVwZGF0ZSI6MTgwMDAwMDAwMDAwMH19"
        }
      ]
    },
    {
      "module": "module.ssm",
      "mode": "managed",
      "type": "aws_ssm_parameter",
      "name": "db_host",
      "provider": "provider[\"registry.terraform.io/hashicorp/aws\"]",
      "instances": [
        {
          "schema_version": 0,
          "attributes": {
            "allowed_pattern": "",
            "arn": "arn:aws:ssm:us-east-1:474221740916:parameter/zivohealth/dev/db/host",
            "data_type": "text",
            "description": "",
            "has_value_wo": false,
            "id": "/zivohealth/dev/db/host",
            "insecure_value": null,
            "key_id": "",
            "name": "/zivohealth/dev/db/host",
            "overwrite": null,
            "region": "us-east-1",
            "tags": {},
            "tags_all": {},
            "tier": "Standard",
            "type": "String",
            "value": "zivohealth-dev-postgres.cabauc2kk65l.us-east-1.rds.amazonaws.com",
            "value_wo": null,
            "value_wo_version": null,
            "version": 1
          },
          "sensitive_attributes": [],
          "private": "bnVsbA==",
          "dependencies": [
            "module.db.aws_db_instance.postgres",
            "module.db.aws_db_subnet_group.db",
            "module.db.aws_security_group.db",
            "module.networking.aws_security_group.ec2",
            "module.networking.aws_subnet.private",
            "module.networking.aws_vpc.main",
            "module.networking.data.aws_availability_zones.available"
          ]
        }
      ]
    },
    {
      "module": "module.ssm",
      "mode": "managed",
      "type": "aws_ssm_parameter",
      "name": "db_password",
      "provider": "provider[\"registry.terraform.io/hashicorp/aws\"]",
      "instances": [
        {
          "schema_version": 0,
          "attributes": {
            "allowed_pattern": "",
            "arn": "arn:aws:ssm:us-east-1:474221740916:parameter/zivohealth/dev/db/password",
            "data_type": "text",
            "description": "",
            "has_value_wo": false,
            "id": "/zivohealth/dev/db/password",
            "insecure_value": null,
            "key_id": "alias/aws/ssm",
            "name": "/zivohealth/dev/db/password",
            "overwrite": null,
            "region": "us-east-1",
            "tags": {},
            "tags_all": {},
            "tier": "Standard",
            "type": "SecureString",
            "value": "zivo_890",
            "value_wo": null,
            "value_wo_version": null,
            "version": 2
          },
          "sensitive_attributes": [],
          "private": "bnVsbA==",
          "dependencies": [
            "module.ssm.random_password.db"
          ]
        }
      ]
    },
    {
      "module": "module.ssm",
      "mode": "managed",
      "type": "aws_ssm_parameter",
      "name": "db_user",
      "provider": "provider[\"registry.terraform.io/hashicorp/aws\"]",
      "instances": [
        {
          "schema_version": 0,
          "attributes": {
            "allowed_pattern": "",
            "arn": "arn:aws:ssm:us-east-1:474221740916:parameter/zivohealth/dev/db/user",
            "data_type": "text",
            "description": "",
            "has_value_wo": false,
            "id": "/zivohealth/dev/db/user",
            "insecure_value": null,
            "key_id": "",
            "name": "/zivohealth/dev/db/user",
            "overwrite": null,
            "region": "us-east-1",
            "tags": {},
            "tags_all": {},
            "tier": "Standard",
            "type": "String",
            "value": "zivo",
            "value_wo": null,
            "value_wo_version": null,
            "version": 1
          },
          "sensitive_attributes": [],
          "private": "bnVsbA=="
        }
      ]
    },
    {
      "module": "module.ssm",
      "mode": "managed",
      "type": "aws_ssm_parameter",
      "name": "image_tag",
      "provider": "provider[\"registry.terraform.io/hashicorp/aws\"]",
      "instances": [
        {
          "schema_version": 0,
          "attributes": {
            "allowed_pattern": "",
            "arn": "arn:aws:ssm:us-east-1:474221740916:parameter/zivohealth/dev/deploy/image_tag",
            "data_type": "text",
            "description": "",
            "has_value_wo": false,
            "id": "/zivohealth/dev/deploy/image_tag",
            "insecure_value": null,
            "key_id": "",
            "name": "/zivohealth/dev/deploy/image_tag",
            "overwrite": null,
            "region": "us-east-1",
            "tags": {},
            "tags_all": {},
            "tier": "Standard",
            "type": "String",
            "value": "latest",
            "value_wo": null,
            "value_wo_version": null,
            "version": 4
          },
          "sensitive_attributes": [],
          "private": "bnVsbA=="
        }
      ]
    },
    {
      "module": "module.ssm",
      "mode": "managed",
      "type": "aws_ssm_parameter",
      "name": "s3_bucket",
      "provider": "provider[\"registry.terraform.io/hashicorp/aws\"]",
      "instances": [
        {
          "schema_version": 0,
          "attributes": {
            "allowed_pattern": "",
            "arn": "arn:aws:ssm:us-east-1:474221740916:parameter/zivohealth/dev/s3/bucket",
            "data_type": "text",
            "description": "",
            "has_value_wo": false,
            "id": "/zivohealth/dev/s3/bucket",
            "insecure_value": null,
            "key_id": "",
            "name": "/zivohealth/dev/s3/bucket",
            "overwrite": null,
            "region": "us-east-1",
            "tags": {},
            "tags_all": {},
            "tier": "Standard",
            "type": "String",
            "value": "zivohealth-data",
            "value_wo": null,
            "value_wo_version": null,
            "version": 1
          },
          "sensitive_attributes": [],
          "private": "bnVsbA==",
          "dependencies": [
            "module.storage.aws_s3_bucket.uploads",
            "module.storage.random_id.suffix"
          ]
        }
      ]
    },
    {
      "module": "module.ssm",
      "mode": "managed",
      "type": "random_password",
      "name": "db",
      "provider": "provider[\"registry.terraform.io/hashicorp/random\"]",
      "instances": [
        {
          "schema_version": 3,
          "attributes": {
            "bcrypt_hash": "$2a$10$xeGyE3ESNOkMaxrsQLgYv.dA1ixTq90NhDNPan4Bz6rAXOSlNO9Qy",
            "id": "none",
            "keepers": null,
            "length": 20,
            "lower": true,
            "min_lower": 0,
            "min_numeric": 0,
            "min_special": 0,
            "min_upper": 0,
            "number": true,
            "numeric": true,
            "override_special": null,
            "result": "oiJy)pID9}h@dEGUVY]D",
            "special": true,
            "upper": true
          },
          "sensitive_attributes": []
        }
      ]
    },
    {
      "module": "module.storage",
      "mode": "managed",
      "type": "aws_s3_bucket",
      "name": "uploads",
      "provider": "provider[\"registry.terraform.io/hashicorp/aws\"]",
      "instances": [
        {
          "schema_version": 0,
          "attributes": {
            "acceleration_status": "",
            "acl": null,
            "arn": "arn:aws:s3:::zivohealth-data",
            "bucket": "zivohealth-data",
            "bucket_domain_name": "zivohealth-data.s3.amazonaws.com",
            "bucket_prefix": "",
            "bucket_region": "us-east-1",
            "bucket_regional_domain_name": "zivohealth-data.s3.us-east-1.amazonaws.com",
            "cors_rule": [],
            "force_destroy": false,
            "grant": [
              {
                "id": "4cddc0c30690bd3c18b035436f9c5cdbb9cb77d6a958bd51f00246f024fa17c9",
                "permissions": [
                  "FULL_CONTROL"
                ],
                "type": "CanonicalUser",
                "uri": ""
              }
            ],
            "hosted_zone_id": "Z3AQBSTGFYJSTF",
            "id": "zivohealth-data",
            "lifecycle_rule": [],
            "logging": [],
            "object_lock_configuration": [],
            "object_lock_enabled": false,
            "policy": "",
            "region": "us-east-1",
            "replication_configuration": [],
            "request_payer": "BucketOwner",
            "server_side_encryption_configuration": [
              {
                "rule": [
                  {
                    "apply_server_side_encryption_by_default": [
                      {
                        "kms_master_key_id": "",
                        "sse_algorithm": "AES256"
                      }
                    ],
                    "bucket_key_enabled": false
                  }
                ]
              }
            ],
            "tags": {},
            "tags_all": {},
            "timeouts": null,
            "versioning": [
              {
                "enabled": false,
                "mfa_delete": false
              }
            ],
            "website": [],
            "website_domain": null,
            "website_endpoint": null
          },
          "sensitive_attributes": [],
          "private": "eyJlMmJmYjczMC1lY2FhLTExZTYtOGY4OC0zNDM2M2JjN2M0YzAiOnsiY3JlYXRlIjoxMjAwMDAwMDAwMDAwLCJkZWxldGUiOjM2MDAwMDAwMDAwMDAsInJlYWQiOjEyMDAwMDAwMDAwMDAsInVwZGF0ZSI6MTIwMDAwMDAwMDAwMH19",
          "dependencies": [
            "module.storage.random_id.suffix"
          ]
        }
      ]
    },
    {
      "module": "module.storage",
      "mode": "managed",
      "type": "random_id",
      "name": "suffix",
      "provider": "provider[\"registry.terraform.io/hashicorp/random\"]",
      "instances": [
        {
          "schema_version": 0,
          "attributes": {
            "b64_std": "rV6V7Q==",
            "b64_url": "rV6V7Q",
            "byte_length": 4,
            "dec": "2908657133",
            "hex": "ad5e95ed",
            "id": "rV6V7Q",
            "keepers": null,
            "prefix": null
          },
          "sensitive_attributes": []
        }
      ]
    }
  ],
  "check_results": null
}
